// !$*UTF8*$!
{
	archiveVersion = 1;
	classes = {
	};
	objectVersion = 55;
	objects = {

/* Begin PBXBuildFile section */
		4D9FEEE5294BAC380035414D /* ios_auth0_exampleApp.swift in Sources */ = {isa = PBXBuildFile; fileRef = 4D9FEEE4294BAC380035414D /* ios_auth0_exampleApp.swift */; };
		4D9FEEE7294BAC380035414D /* ContentView.swift in Sources */ = {isa = PBXBuildFile; fileRef = 4D9FEEE6294BAC380035414D /* ContentView.swift */; };
		4D9FEEE9294BAC3A0035414D /* Assets.xcassets in Resources */ = {isa = PBXBuildFile; fileRef = 4D9FEEE8294BAC3A0035414D /* Assets.xcassets */; };
		4D9FEEEC294BAC3A0035414D /* Preview Assets.xcassets in Resources */ = {isa = PBXBuildFile; fileRef = 4D9FEEEB294BAC3A0035414D /* Preview Assets.xcassets */; };
		4D9FEEF6294BAC3A0035414D /* ios_auth0_exampleTests.swift in Sources */ = {isa = PBXBuildFile; fileRef = 4D9FEEF5294BAC3A0035414D /* ios_auth0_exampleTests.swift */; };
		4D9FEF00294BAC3A0035414D /* ios_auth0_exampleUITests.swift in Sources */ = {isa = PBXBuildFile; fileRef = 4D9FEEFF294BAC3A0035414D /* ios_auth0_exampleUITests.swift */; };
		4D9FEF02294BAC3A0035414D /* ios_auth0_exampleUITestsLaunchTests.swift in Sources */ = {isa = PBXBuildFile; fileRef = 4D9FEF01294BAC3A0035414D /* ios_auth0_exampleUITestsLaunchTests.swift */; };
		4D9FEF10294BAC850035414D /* Web3Auth in Frameworks */ = {isa = PBXBuildFile; productRef = 4D9FEF0F294BAC850035414D /* Web3Auth */; };
		4D9FEF12294BACB10035414D /* ViewModel.swift in Sources */ = {isa = PBXBuildFile; fileRef = 4D9FEF11294BACB10035414D /* ViewModel.swift */; };
		4D9FEF14294BACC90035414D /* UserDetailView.swift in Sources */ = {isa = PBXBuildFile; fileRef = 4D9FEF13294BACC90035414D /* UserDetailView.swift */; };
		4D9FEF16294BACD80035414D /* LoginView.swift in Sources */ = {isa = PBXBuildFile; fileRef = 4D9FEF15294BACD80035414D /* LoginView.swift */; };
		4D9FEF18294BACE80035414D /* web3RPC.swift in Sources */ = {isa = PBXBuildFile; fileRef = 4D9FEF17294BACE80035414D /* web3RPC.swift */; };
		4D9FEF1A294BAD090035414D /* TorusWeb3Utils.swift in Sources */ = {isa = PBXBuildFile; fileRef = 4D9FEF19294BAD090035414D /* TorusWeb3Utils.swift */; };
/* End PBXBuildFile section */

/* Begin PBXContainerItemProxy section */
		4D9FEEF2294BAC3A0035414D /* PBXContainerItemProxy */ = {
			isa = PBXContainerItemProxy;
			containerPortal = 4D9FEED9294BAC380035414D /* Project object */;
			proxyType = 1;
			remoteGlobalIDString = 4D9FEEE0294BAC380035414D;
			remoteInfo = "ios-auth0-example";
		};
		4D9FEEFC294BAC3A0035414D /* PBXContainerItemProxy */ = {
			isa = PBXContainerItemProxy;
			containerPortal = 4D9FEED9294BAC380035414D /* Project object */;
			proxyType = 1;
			remoteGlobalIDString = 4D9FEEE0294BAC380035414D;
			remoteInfo = "ios-auth0-example";
		};
/* End PBXContainerItemProxy section */

/* Begin PBXFileReference section */
		4D9FEEE1294BAC380035414D /* ios-auth0-example.app */ = {isa = PBXFileReference; explicitFileType = wrapper.application; includeInIndex = 0; path = "ios-auth0-example.app"; sourceTree = BUILT_PRODUCTS_DIR; };
		4D9FEEE4294BAC380035414D /* ios_auth0_exampleApp.swift */ = {isa = PBXFileReference; lastKnownFileType = sourcecode.swift; path = ios_auth0_exampleApp.swift; sourceTree = "<group>"; };
		4D9FEEE6294BAC380035414D /* ContentView.swift */ = {isa = PBXFileReference; lastKnownFileType = sourcecode.swift; path = ContentView.swift; sourceTree = "<group>"; };
		4D9FEEE8294BAC3A0035414D /* Assets.xcassets */ = {isa = PBXFileReference; lastKnownFileType = folder.assetcatalog; path = Assets.xcassets; sourceTree = "<group>"; };
		4D9FEEEB294BAC3A0035414D /* Preview Assets.xcassets */ = {isa = PBXFileReference; lastKnownFileType = folder.assetcatalog; path = "Preview Assets.xcassets"; sourceTree = "<group>"; };
		4D9FEEF1294BAC3A0035414D /* ios-auth0-exampleTests.xctest */ = {isa = PBXFileReference; explicitFileType = wrapper.cfbundle; includeInIndex = 0; path = "ios-auth0-exampleTests.xctest"; sourceTree = BUILT_PRODUCTS_DIR; };
		4D9FEEF5294BAC3A0035414D /* ios_auth0_exampleTests.swift */ = {isa = PBXFileReference; lastKnownFileType = sourcecode.swift; path = ios_auth0_exampleTests.swift; sourceTree = "<group>"; };
		4D9FEEFB294BAC3A0035414D /* ios-auth0-exampleUITests.xctest */ = {isa = PBXFileReference; explicitFileType = wrapper.cfbundle; includeInIndex = 0; path = "ios-auth0-exampleUITests.xctest"; sourceTree = BUILT_PRODUCTS_DIR; };
		4D9FEEFF294BAC3A0035414D /* ios_auth0_exampleUITests.swift */ = {isa = PBXFileReference; lastKnownFileType = sourcecode.swift; path = ios_auth0_exampleUITests.swift; sourceTree = "<group>"; };
		4D9FEF01294BAC3A0035414D /* ios_auth0_exampleUITestsLaunchTests.swift */ = {isa = PBXFileReference; lastKnownFileType = sourcecode.swift; path = ios_auth0_exampleUITestsLaunchTests.swift; sourceTree = "<group>"; };
		4D9FEF11294BACB10035414D /* ViewModel.swift */ = {isa = PBXFileReference; lastKnownFileType = sourcecode.swift; path = ViewModel.swift; sourceTree = "<group>"; };
		4D9FEF13294BACC90035414D /* UserDetailView.swift */ = {isa = PBXFileReference; lastKnownFileType = sourcecode.swift; path = UserDetailView.swift; sourceTree = "<group>"; };
		4D9FEF15294BACD80035414D /* LoginView.swift */ = {isa = PBXFileReference; lastKnownFileType = sourcecode.swift; path = LoginView.swift; sourceTree = "<group>"; };
		4D9FEF17294BACE80035414D /* web3RPC.swift */ = {isa = PBXFileReference; lastKnownFileType = sourcecode.swift; path = web3RPC.swift; sourceTree = "<group>"; };
		4D9FEF19294BAD090035414D /* TorusWeb3Utils.swift */ = {isa = PBXFileReference; lastKnownFileType = sourcecode.swift; path = TorusWeb3Utils.swift; sourceTree = "<group>"; };
/* End PBXFileReference section */

/* Begin PBXFrameworksBuildPhase section */
		4D9FEEDE294BAC380035414D /* Frameworks */ = {
			isa = PBXFrameworksBuildPhase;
			buildActionMask = 2147483647;
			files = (
				4D9FEF10294BAC850035414D /* Web3Auth in Frameworks */,
			);
			runOnlyForDeploymentPostprocessing = 0;
		};
		4D9FEEEE294BAC3A0035414D /* Frameworks */ = {
			isa = PBXFrameworksBuildPhase;
			buildActionMask = 2147483647;
			files = (
			);
			runOnlyForDeploymentPostprocessing = 0;
		};
		4D9FEEF8294BAC3A0035414D /* Frameworks */ = {
			isa = PBXFrameworksBuildPhase;
			buildActionMask = 2147483647;
			files = (
			);
			runOnlyForDeploymentPostprocessing = 0;
		};
/* End PBXFrameworksBuildPhase section */

/* Begin PBXGroup section */
		4D9FEED8294BAC380035414D = {
			isa = PBXGroup;
			children = (
				4D9FEEE3294BAC380035414D /* ios-auth0-example */,
				4D9FEEF4294BAC3A0035414D /* ios-auth0-exampleTests */,
				4D9FEEFE294BAC3A0035414D /* ios-auth0-exampleUITests */,
				4D9FEEE2294BAC380035414D /* Products */,
			);
			sourceTree = "<group>";
		};
		4D9FEEE2294BAC380035414D /* Products */ = {
			isa = PBXGroup;
			children = (
				4D9FEEE1294BAC380035414D /* ios-auth0-example.app */,
				4D9FEEF1294BAC3A0035414D /* ios-auth0-exampleTests.xctest */,
				4D9FEEFB294BAC3A0035414D /* ios-auth0-exampleUITests.xctest */,
			);
			name = Products;
			sourceTree = "<group>";
		};
		4D9FEEE3294BAC380035414D /* ios-auth0-example */ = {
			isa = PBXGroup;
			children = (
				4D9FEEE4294BAC380035414D /* ios_auth0_exampleApp.swift */,
				4D9FEEE6294BAC380035414D /* ContentView.swift */,
				4D9FEEE8294BAC3A0035414D /* Assets.xcassets */,
				4D9FEEEA294BAC3A0035414D /* Preview Content */,
				4D9FEF11294BACB10035414D /* ViewModel.swift */,
				4D9FEF13294BACC90035414D /* UserDetailView.swift */,
				4D9FEF17294BACE80035414D /* web3RPC.swift */,
				4D9FEF19294BAD090035414D /* TorusWeb3Utils.swift */,
				4D9FEF15294BACD80035414D /* LoginView.swift */,
			);
			path = "ios-auth0-example";
			sourceTree = "<group>";
		};
		4D9FEEEA294BAC3A0035414D /* Preview Content */ = {
			isa = PBXGroup;
			children = (
				4D9FEEEB294BAC3A0035414D /* Preview Assets.xcassets */,
			);
			path = "Preview Content";
			sourceTree = "<group>";
		};
		4D9FEEF4294BAC3A0035414D /* ios-auth0-exampleTests */ = {
			isa = PBXGroup;
			children = (
				4D9FEEF5294BAC3A0035414D /* ios_auth0_exampleTests.swift */,
			);
			path = "ios-auth0-exampleTests";
			sourceTree = "<group>";
		};
		4D9FEEFE294BAC3A0035414D /* ios-auth0-exampleUITests */ = {
			isa = PBXGroup;
			children = (
				4D9FEEFF294BAC3A0035414D /* ios_auth0_exampleUITests.swift */,
				4D9FEF01294BAC3A0035414D /* ios_auth0_exampleUITestsLaunchTests.swift */,
			);
			path = "ios-auth0-exampleUITests";
			sourceTree = "<group>";
		};
/* End PBXGroup section */

/* Begin PBXNativeTarget section */
		4D9FEEE0294BAC380035414D /* ios-auth0-example */ = {
			isa = PBXNativeTarget;
			buildConfigurationList = 4D9FEF05294BAC3A0035414D /* Build configuration list for PBXNativeTarget "ios-auth0-example" */;
			buildPhases = (
				4D9FEEDD294BAC380035414D /* Sources */,
				4D9FEEDE294BAC380035414D /* Frameworks */,
				4D9FEEDF294BAC380035414D /* Resources */,
			);
			buildRules = (
			);
			dependencies = (
			);
			name = "ios-auth0-example";
			packageProductDependencies = (
				4D9FEF0F294BAC850035414D /* Web3Auth */,
			);
			productName = "ios-auth0-example";
			productReference = 4D9FEEE1294BAC380035414D /* ios-auth0-example.app */;
			productType = "com.apple.product-type.application";
		};
		4D9FEEF0294BAC3A0035414D /* ios-auth0-exampleTests */ = {
			isa = PBXNativeTarget;
			buildConfigurationList = 4D9FEF08294BAC3A0035414D /* Build configuration list for PBXNativeTarget "ios-auth0-exampleTests" */;
			buildPhases = (
				4D9FEEED294BAC3A0035414D /* Sources */,
				4D9FEEEE294BAC3A0035414D /* Frameworks */,
				4D9FEEEF294BAC3A0035414D /* Resources */,
			);
			buildRules = (
			);
			dependencies = (
				4D9FEEF3294BAC3A0035414D /* PBXTargetDependency */,
			);
			name = "ios-auth0-exampleTests";
			productName = "ios-auth0-exampleTests";
			productReference = 4D9FEEF1294BAC3A0035414D /* ios-auth0-exampleTests.xctest */;
			productType = "com.apple.product-type.bundle.unit-test";
		};
		4D9FEEFA294BAC3A0035414D /* ios-auth0-exampleUITests */ = {
			isa = PBXNativeTarget;
			buildConfigurationList = 4D9FEF0B294BAC3A0035414D /* Build configuration list for PBXNativeTarget "ios-auth0-exampleUITests" */;
			buildPhases = (
				4D9FEEF7294BAC3A0035414D /* Sources */,
				4D9FEEF8294BAC3A0035414D /* Frameworks */,
				4D9FEEF9294BAC3A0035414D /* Resources */,
			);
			buildRules = (
			);
			dependencies = (
				4D9FEEFD294BAC3A0035414D /* PBXTargetDependency */,
			);
			name = "ios-auth0-exampleUITests";
			productName = "ios-auth0-exampleUITests";
			productReference = 4D9FEEFB294BAC3A0035414D /* ios-auth0-exampleUITests.xctest */;
			productType = "com.apple.product-type.bundle.ui-testing";
		};
/* End PBXNativeTarget section */

/* Begin PBXProject section */
		4D9FEED9294BAC380035414D /* Project object */ = {
			isa = PBXProject;
			attributes = {
				BuildIndependentTargetsInParallel = 1;
				LastSwiftUpdateCheck = 1340;
				LastUpgradeCheck = 1340;
				TargetAttributes = {
					4D9FEEE0294BAC380035414D = {
						CreatedOnToolsVersion = 13.4.1;
					};
					4D9FEEF0294BAC3A0035414D = {
						CreatedOnToolsVersion = 13.4.1;
						TestTargetID = 4D9FEEE0294BAC380035414D;
					};
					4D9FEEFA294BAC3A0035414D = {
						CreatedOnToolsVersion = 13.4.1;
						TestTargetID = 4D9FEEE0294BAC380035414D;
					};
				};
			};
			buildConfigurationList = 4D9FEEDC294BAC380035414D /* Build configuration list for PBXProject "ios-auth0-example" */;
			compatibilityVersion = "Xcode 13.0";
			developmentRegion = en;
			hasScannedForEncodings = 0;
			knownRegions = (
				en,
				Base,
			);
			mainGroup = 4D9FEED8294BAC380035414D;
			packageReferences = (
				4D9FEF0E294BAC850035414D /* XCRemoteSwiftPackageReference "web3auth-swift-sdk" */,
			);
			productRefGroup = 4D9FEEE2294BAC380035414D /* Products */;
			projectDirPath = "";
			projectRoot = "";
			targets = (
				4D9FEEE0294BAC380035414D /* ios-auth0-example */,
				4D9FEEF0294BAC3A0035414D /* ios-auth0-exampleTests */,
				4D9FEEFA294BAC3A0035414D /* ios-auth0-exampleUITests */,
			);
		};
/* End PBXProject section */

/* Begin PBXResourcesBuildPhase section */
		4D9FEEDF294BAC380035414D /* Resources */ = {
			isa = PBXResourcesBuildPhase;
			buildActionMask = 2147483647;
			files = (
				4D9FEEEC294BAC3A0035414D /* Preview Assets.xcassets in Resources */,
				4D9FEEE9294BAC3A0035414D /* Assets.xcassets in Resources */,
			);
			runOnlyForDeploymentPostprocessing = 0;
		};
		4D9FEEEF294BAC3A0035414D /* Resources */ = {
			isa = PBXResourcesBuildPhase;
			buildActionMask = 2147483647;
			files = (
			);
			runOnlyForDeploymentPostprocessing = 0;
		};
		4D9FEEF9294BAC3A0035414D /* Resources */ = {
			isa = PBXResourcesBuildPhase;
			buildActionMask = 2147483647;
			files = (
			);
			runOnlyForDeploymentPostprocessing = 0;
		};
/* End PBXResourcesBuildPhase section */

/* Begin PBXSourcesBuildPhase section */
		4D9FEEDD294BAC380035414D /* Sources */ = {
			isa = PBXSourcesBuildPhase;
			buildActionMask = 2147483647;
			files = (
				4D9FEF1A294BAD090035414D /* TorusWeb3Utils.swift in Sources */,
				4D9FEF14294BACC90035414D /* UserDetailView.swift in Sources */,
				4D9FEEE7294BAC380035414D /* ContentView.swift in Sources */,
				4D9FEF18294BACE80035414D /* web3RPC.swift in Sources */,
				4D9FEF12294BACB10035414D /* ViewModel.swift in Sources */,
				4D9FEF16294BACD80035414D /* LoginView.swift in Sources */,
				4D9FEEE5294BAC380035414D /* ios_auth0_exampleApp.swift in Sources */,
			);
			runOnlyForDeploymentPostprocessing = 0;
		};
		4D9FEEED294BAC3A0035414D /* Sources */ = {
			isa = PBXSourcesBuildPhase;
			buildActionMask = 2147483647;
			files = (
				4D9FEEF6294BAC3A0035414D /* ios_auth0_exampleTests.swift in Sources */,
			);
			runOnlyForDeploymentPostprocessing = 0;
		};
		4D9FEEF7294BAC3A0035414D /* Sources */ = {
			isa = PBXSourcesBuildPhase;
			buildActionMask = 2147483647;
			files = (
				4D9FEF02294BAC3A0035414D /* ios_auth0_exampleUITestsLaunchTests.swift in Sources */,
				4D9FEF00294BAC3A0035414D /* ios_auth0_exampleUITests.swift in Sources */,
			);
			runOnlyForDeploymentPostprocessing = 0;
		};
/* End PBXSourcesBuildPhase section */

/* Begin PBXTargetDependency section */
		4D9FEEF3294BAC3A0035414D /* PBXTargetDependency */ = {
			isa = PBXTargetDependency;
			target = 4D9FEEE0294BAC380035414D /* ios-auth0-example */;
			targetProxy = 4D9FEEF2294BAC3A0035414D /* PBXContainerItemProxy */;
		};
		4D9FEEFD294BAC3A0035414D /* PBXTargetDependency */ = {
			isa = PBXTargetDependency;
			target = 4D9FEEE0294BAC380035414D /* ios-auth0-example */;
			targetProxy = 4D9FEEFC294BAC3A0035414D /* PBXContainerItemProxy */;
		};
/* End PBXTargetDependency section */

/* Begin XCBuildConfiguration section */
		4D9FEF03294BAC3A0035414D /* Debug */ = {
			isa = XCBuildConfiguration;
			buildSettings = {
				ALWAYS_SEARCH_USER_PATHS = NO;
				CLANG_ANALYZER_NONNULL = YES;
				CLANG_ANALYZER_NUMBER_OBJECT_CONVERSION = YES_AGGRESSIVE;
				CLANG_CXX_LANGUAGE_STANDARD = "gnu++17";
				CLANG_ENABLE_MODULES = YES;
				CLANG_ENABLE_OBJC_ARC = YES;
				CLANG_ENABLE_OBJC_WEAK = YES;
				CLANG_WARN_BLOCK_CAPTURE_AUTORELEASING = YES;
				CLANG_WARN_BOOL_CONVERSION = YES;
				CLANG_WARN_COMMA = YES;
				CLANG_WARN_CONSTANT_CONVERSION = YES;
				CLANG_WARN_DEPRECATED_OBJC_IMPLEMENTATIONS = YES;
				CLANG_WARN_DIRECT_OBJC_ISA_USAGE = YES_ERROR;
				CLANG_WARN_DOCUMENTATION_COMMENTS = YES;
				CLANG_WARN_EMPTY_BODY = YES;
				CLANG_WARN_ENUM_CONVERSION = YES;
				CLANG_WARN_INFINITE_RECURSION = YES;
				CLANG_WARN_INT_CONVERSION = YES;
				CLANG_WARN_NON_LITERAL_NULL_CONVERSION = YES;
				CLANG_WARN_OBJC_IMPLICIT_RETAIN_SELF = YES;
				CLANG_WARN_OBJC_LITERAL_CONVERSION = YES;
				CLANG_WARN_OBJC_ROOT_CLASS = YES_ERROR;
				CLANG_WARN_QUOTED_INCLUDE_IN_FRAMEWORK_HEADER = YES;
				CLANG_WARN_RANGE_LOOP_ANALYSIS = YES;
				CLANG_WARN_STRICT_PROTOTYPES = YES;
				CLANG_WARN_SUSPICIOUS_MOVE = YES;
				CLANG_WARN_UNGUARDED_AVAILABILITY = YES_AGGRESSIVE;
				CLANG_WARN_UNREACHABLE_CODE = YES;
				CLANG_WARN__DUPLICATE_METHOD_MATCH = YES;
				COPY_PHASE_STRIP = NO;
				DEBUG_INFORMATION_FORMAT = dwarf;
				ENABLE_STRICT_OBJC_MSGSEND = YES;
				ENABLE_TESTABILITY = YES;
				GCC_C_LANGUAGE_STANDARD = gnu11;
				GCC_DYNAMIC_NO_PIC = NO;
				GCC_NO_COMMON_BLOCKS = YES;
				GCC_OPTIMIZATION_LEVEL = 0;
				GCC_PREPROCESSOR_DEFINITIONS = (
					"DEBUG=1",
					"$(inherited)",
				);
				GCC_WARN_64_TO_32_BIT_CONVERSION = YES;
				GCC_WARN_ABOUT_RETURN_TYPE = YES_ERROR;
				GCC_WARN_UNDECLARED_SELECTOR = YES;
				GCC_WARN_UNINITIALIZED_AUTOS = YES_AGGRESSIVE;
				GCC_WARN_UNUSED_FUNCTION = YES;
				GCC_WARN_UNUSED_VARIABLE = YES;
				IPHONEOS_DEPLOYMENT_TARGET = 15.5;
				MTL_ENABLE_DEBUG_INFO = INCLUDE_SOURCE;
				MTL_FAST_MATH = YES;
				ONLY_ACTIVE_ARCH = YES;
				SDKROOT = iphoneos;
				SWIFT_ACTIVE_COMPILATION_CONDITIONS = DEBUG;
				SWIFT_OPTIMIZATION_LEVEL = "-Onone";
			};
			name = Debug;
		};
		4D9FEF04294BAC3A0035414D /* Release */ = {
			isa = XCBuildConfiguration;
			buildSettings = {
				ALWAYS_SEARCH_USER_PATHS = NO;
				CLANG_ANALYZER_NONNULL = YES;
				CLANG_ANALYZER_NUMBER_OBJECT_CONVERSION = YES_AGGRESSIVE;
				CLANG_CXX_LANGUAGE_STANDARD = "gnu++17";
				CLANG_ENABLE_MODULES = YES;
				CLANG_ENABLE_OBJC_ARC = YES;
				CLANG_ENABLE_OBJC_WEAK = YES;
				CLANG_WARN_BLOCK_CAPTURE_AUTORELEASING = YES;
				CLANG_WARN_BOOL_CONVERSION = YES;
				CLANG_WARN_COMMA = YES;
				CLANG_WARN_CONSTANT_CONVERSION = YES;
				CLANG_WARN_DEPRECATED_OBJC_IMPLEMENTATIONS = YES;
				CLANG_WARN_DIRECT_OBJC_ISA_USAGE = YES_ERROR;
				CLANG_WARN_DOCUMENTATION_COMMENTS = YES;
				CLANG_WARN_EMPTY_BODY = YES;
				CLANG_WARN_ENUM_CONVERSION = YES;
				CLANG_WARN_INFINITE_RECURSION = YES;
				CLANG_WARN_INT_CONVERSION = YES;
				CLANG_WARN_NON_LITERAL_NULL_CONVERSION = YES;
				CLANG_WARN_OBJC_IMPLICIT_RETAIN_SELF = YES;
				CLANG_WARN_OBJC_LITERAL_CONVERSION = YES;
				CLANG_WARN_OBJC_ROOT_CLASS = YES_ERROR;
				CLANG_WARN_QUOTED_INCLUDE_IN_FRAMEWORK_HEADER = YES;
				CLANG_WARN_RANGE_LOOP_ANALYSIS = YES;
				CLANG_WARN_STRICT_PROTOTYPES = YES;
				CLANG_WARN_SUSPICIOUS_MOVE = YES;
				CLANG_WARN_UNGUARDED_AVAILABILITY = YES_AGGRESSIVE;
				CLANG_WARN_UNREACHABLE_CODE = YES;
				CLANG_WARN__DUPLICATE_METHOD_MATCH = YES;
				COPY_PHASE_STRIP = NO;
				DEBUG_INFORMATION_FORMAT = "dwarf-with-dsym";
				ENABLE_NS_ASSERTIONS = NO;
				ENABLE_STRICT_OBJC_MSGSEND = YES;
				GCC_C_LANGUAGE_STANDARD = gnu11;
				GCC_NO_COMMON_BLOCKS = YES;
				GCC_WARN_64_TO_32_BIT_CONVERSION = YES;
				GCC_WARN_ABOUT_RETURN_TYPE = YES_ERROR;
				GCC_WARN_UNDECLARED_SELECTOR = YES;
				GCC_WARN_UNINITIALIZED_AUTOS = YES_AGGRESSIVE;
				GCC_WARN_UNUSED_FUNCTION = YES;
				GCC_WARN_UNUSED_VARIABLE = YES;
				IPHONEOS_DEPLOYMENT_TARGET = 15.5;
				MTL_ENABLE_DEBUG_INFO = NO;
				MTL_FAST_MATH = YES;
				SDKROOT = iphoneos;
				SWIFT_COMPILATION_MODE = wholemodule;
				SWIFT_OPTIMIZATION_LEVEL = "-O";
				VALIDATE_PRODUCT = YES;
			};
			name = Release;
		};
		4D9FEF06294BAC3A0035414D /* Debug */ = {
			isa = XCBuildConfiguration;
			buildSettings = {
				ASSETCATALOG_COMPILER_APPICON_NAME = AppIcon;
				ASSETCATALOG_COMPILER_GLOBAL_ACCENT_COLOR_NAME = AccentColor;
				CODE_SIGN_STYLE = Automatic;
				CURRENT_PROJECT_VERSION = 1;
				DEVELOPMENT_ASSET_PATHS = "\"ios-auth0-example/Preview Content\"";
				ENABLE_PREVIEWS = YES;
				GENERATE_INFOPLIST_FILE = YES;
				INFOPLIST_KEY_UIApplicationSceneManifest_Generation = YES;
				INFOPLIST_KEY_UIApplicationSupportsIndirectInputEvents = YES;
				INFOPLIST_KEY_UILaunchScreen_Generation = YES;
				INFOPLIST_KEY_UISupportedInterfaceOrientations_iPad = "UIInterfaceOrientationPortrait UIInterfaceOrientationPortraitUpsideDown UIInterfaceOrientationLandscapeLeft UIInterfaceOrientationLandscapeRight";
				INFOPLIST_KEY_UISupportedInterfaceOrientations_iPhone = "UIInterfaceOrientationPortrait UIInterfaceOrientationLandscapeLeft UIInterfaceOrientationLandscapeRight";
				LD_RUNPATH_SEARCH_PATHS = (
					"$(inherited)",
					"@executable_path/Frameworks",
				);
				MARKETING_VERSION = 1.0;
				PRODUCT_BUNDLE_IDENTIFIER = "Web3Auth.ios-auth0-example";
				PRODUCT_NAME = "$(TARGET_NAME)";
				SWIFT_EMIT_LOC_STRINGS = YES;
				SWIFT_VERSION = 5.0;
				TARGETED_DEVICE_FAMILY = "1,2";
			};
			name = Debug;
		};
		4D9FEF07294BAC3A0035414D /* Release */ = {
			isa = XCBuildConfiguration;
			buildSettings = {
				ASSETCATALOG_COMPILER_APPICON_NAME = AppIcon;
				ASSETCATALOG_COMPILER_GLOBAL_ACCENT_COLOR_NAME = AccentColor;
				CODE_SIGN_STYLE = Automatic;
				CURRENT_PROJECT_VERSION = 1;
				DEVELOPMENT_ASSET_PATHS = "\"ios-auth0-example/Preview Content\"";
				ENABLE_PREVIEWS = YES;
				GENERATE_INFOPLIST_FILE = YES;
				INFOPLIST_KEY_UIApplicationSceneManifest_Generation = YES;
				INFOPLIST_KEY_UIApplicationSupportsIndirectInputEvents = YES;
				INFOPLIST_KEY_UILaunchScreen_Generation = YES;
				INFOPLIST_KEY_UISupportedInterfaceOrientations_iPad = "UIInterfaceOrientationPortrait UIInterfaceOrientationPortraitUpsideDown UIInterfaceOrientationLandscapeLeft UIInterfaceOrientationLandscapeRight";
				INFOPLIST_KEY_UISupportedInterfaceOrientations_iPhone = "UIInterfaceOrientationPortrait UIInterfaceOrientationLandscapeLeft UIInterfaceOrientationLandscapeRight";
				LD_RUNPATH_SEARCH_PATHS = (
					"$(inherited)",
					"@executable_path/Frameworks",
				);
				MARKETING_VERSION = 1.0;
				PRODUCT_BUNDLE_IDENTIFIER = "Web3Auth.ios-auth0-example";
				PRODUCT_NAME = "$(TARGET_NAME)";
				SWIFT_EMIT_LOC_STRINGS = YES;
				SWIFT_VERSION = 5.0;
				TARGETED_DEVICE_FAMILY = "1,2";
			};
			name = Release;
		};
		4D9FEF09294BAC3A0035414D /* Debug */ = {
			isa = XCBuildConfiguration;
			buildSettings = {
				ALWAYS_EMBED_SWIFT_STANDARD_LIBRARIES = YES;
				BUNDLE_LOADER = "$(TEST_HOST)";
				CODE_SIGN_STYLE = Automatic;
				CURRENT_PROJECT_VERSION = 1;
				GENERATE_INFOPLIST_FILE = YES;
				IPHONEOS_DEPLOYMENT_TARGET = 15.5;
				MARKETING_VERSION = 1.0;
				PRODUCT_BUNDLE_IDENTIFIER = "Web3Auth.ios-auth0-exampleTests";
				PRODUCT_NAME = "$(TARGET_NAME)";
				SWIFT_EMIT_LOC_STRINGS = NO;
				SWIFT_VERSION = 5.0;
				TARGETED_DEVICE_FAMILY = "1,2";
				TEST_HOST = "$(BUILT_PRODUCTS_DIR)/ios-auth0-example.app/ios-auth0-example";
			};
			name = Debug;
		};
		4D9FEF0A294BAC3A0035414D /* Release */ = {
			isa = XCBuildConfiguration;
			buildSettings = {
				ALWAYS_EMBED_SWIFT_STANDARD_LIBRARIES = YES;
				BUNDLE_LOADER = "$(TEST_HOST)";
				CODE_SIGN_STYLE = Automatic;
				CURRENT_PROJECT_VERSION = 1;
				GENERATE_INFOPLIST_FILE = YES;
				IPHONEOS_DEPLOYMENT_TARGET = 15.5;
				MARKETING_VERSION = 1.0;
				PRODUCT_BUNDLE_IDENTIFIER = "Web3Auth.ios-auth0-exampleTests";
				PRODUCT_NAME = "$(TARGET_NAME)";
				SWIFT_EMIT_LOC_STRINGS = NO;
				SWIFT_VERSION = 5.0;
				TARGETED_DEVICE_FAMILY = "1,2";
				TEST_HOST = "$(BUILT_PRODUCTS_DIR)/ios-auth0-example.app/ios-auth0-example";
			};
			name = Release;
		};
		4D9FEF0C294BAC3A0035414D /* Debug */ = {
			isa = XCBuildConfiguration;
			buildSettings = {
				ALWAYS_EMBED_SWIFT_STANDARD_LIBRARIES = YES;
				CODE_SIGN_STYLE = Automatic;
				CURRENT_PROJECT_VERSION = 1;
				GENERATE_INFOPLIST_FILE = YES;
				MARKETING_VERSION = 1.0;
				PRODUCT_BUNDLE_IDENTIFIER = "Web3Auth.ios-auth0-exampleUITests";
				PRODUCT_NAME = "$(TARGET_NAME)";
				SWIFT_EMIT_LOC_STRINGS = NO;
				SWIFT_VERSION = 5.0;
				TARGETED_DEVICE_FAMILY = "1,2";
				TEST_TARGET_NAME = "ios-auth0-example";
			};
			name = Debug;
		};
		4D9FEF0D294BAC3A0035414D /* Release */ = {
			isa = XCBuildConfiguration;
			buildSettings = {
				ALWAYS_EMBED_SWIFT_STANDARD_LIBRARIES = YES;
				CODE_SIGN_STYLE = Automatic;
				CURRENT_PROJECT_VERSION = 1;
				GENERATE_INFOPLIST_FILE = YES;
				MARKETING_VERSION = 1.0;
				PRODUCT_BUNDLE_IDENTIFIER = "Web3Auth.ios-auth0-exampleUITests";
				PRODUCT_NAME = "$(TARGET_NAME)";
				SWIFT_EMIT_LOC_STRINGS = NO;
				SWIFT_VERSION = 5.0;
				TARGETED_DEVICE_FAMILY = "1,2";
				TEST_TARGET_NAME = "ios-auth0-example";
			};
			name = Release;
		};
/* End XCBuildConfiguration section */

/* Begin XCConfigurationList section */
		4D9FEEDC294BAC380035414D /* Build configuration list for PBXProject "ios-auth0-example" */ = {
			isa = XCConfigurationList;
			buildConfigurations = (
				4D9FEF03294BAC3A0035414D /* Debug */,
				4D9FEF04294BAC3A0035414D /* Release */,
			);
			defaultConfigurationIsVisible = 0;
			defaultConfigurationName = Release;
		};
		4D9FEF05294BAC3A0035414D /* Build configuration list for PBXNativeTarget "ios-auth0-example" */ = {
			isa = XCConfigurationList;
			buildConfigurations = (
				4D9FEF06294BAC3A0035414D /* Debug */,
				4D9FEF07294BAC3A0035414D /* Release */,
			);
			defaultConfigurationIsVisible = 0;
			defaultConfigurationName = Release;
		};
		4D9FEF08294BAC3A0035414D /* Build configuration list for PBXNativeTarget "ios-auth0-exampleTests" */ = {
			isa = XCConfigurationList;
			buildConfigurations = (
				4D9FEF09294BAC3A0035414D /* Debug */,
				4D9FEF0A294BAC3A0035414D /* Release */,
			);
			defaultConfigurationIsVisible = 0;
			defaultConfigurationName = Release;
		};
		4D9FEF0B294BAC3A0035414D /* Build configuration list for PBXNativeTarget "ios-auth0-exampleUITests" */ = {
			isa = XCConfigurationList;
			buildConfigurations = (
				4D9FEF0C294BAC3A0035414D /* Debug */,
				4D9FEF0D294BAC3A0035414D /* Release */,
			);
			defaultConfigurationIsVisible = 0;
			defaultConfigurationName = Release;
		};
/* End XCConfigurationList section */

/* Begin XCRemoteSwiftPackageReference section */
		4D9FEF0E294BAC850035414D /* XCRemoteSwiftPackageReference "web3auth-swift-sdk" */ = {
			isa = XCRemoteSwiftPackageReference;
			repositoryURL = "https://github.com/web3auth/web3auth-swift-sdk";
			requirement = {
				branch = master;
				kind = branch;
			};
		};
/* End XCRemoteSwiftPackageReference section */

/* Begin XCSwiftPackageProductDependency section */
		4D9FEF0F294BAC850035414D /* Web3Auth */ = {
			isa = XCSwiftPackageProductDependency;
			package = 4D9FEF0E294BAC850035414D /* XCRemoteSwiftPackageReference "web3auth-swift-sdk" */;
			productName = Web3Auth;
		};
/* End XCSwiftPackageProductDependency section */
	};
	rootObject = 4D9FEED9294BAC380035414D /* Project object */;
}
