{
  "originHash" : "7cbb23c8504bf7142e6a373dc1e1a829954d2e18d5df31faae1d2304660f8792",
  "pins" : [
    {
      "identity" : "bigint",
      "kind" : "remoteSourceControl",
      "location" : "https://github.com/attaswift/BigInt.git",
      "state" : {
        "revision" : "0ed110f7555c34ff468e72e1686e59721f2b0da6",
        "version" : "5.3.0"
      }
    },
    {
      "identity" : "curvelib.swift",
      "kind" : "remoteSourceControl",
      "location" : "https://github.com/tkey/curvelib.swift",
      "state" : {
        "revision" : "9f88bd5e56d1df443a908f7a7e81ae4f4d9170ea",
        "version" : "1.0.1"
      }
    },
    {
      "identity" : "generic-json-swift",
      "kind" : "remoteSourceControl",
      "location" : "https://github.com/iwill/generic-json-swift",
      "state" : {
        "revision" : "0a06575f4038b504e78ac330913d920f1630f510",
        "version" : "2.0.2"
      }
    },
    {
      "identity" : "keychain-swift",
      "kind" : "remoteSourceControl",
      "location" : "https://github.com/evgenyneu/keychain-swift.git",
      "state" : {
        "revision" : "d108a1fa6189e661f91560548ef48651ed8d93b9",
        "version" : "20.0.0"
      }
    },
    {
      "identity" : "secp256k1.swift",
      "kind" : "remoteSourceControl",
      "location" : "https://github.com/GigaBitcoin/secp256k1.swift.git",
      "state" : {
        "revision" : "347b84ed2aad2305a7233f2a48d76f41e52062a1",
        "version" : "0.16.0"
      }
    },
    {
      "identity" : "session-manager-swift",
      "kind" : "remoteSourceControl",
      "location" : "https://github.com/Web3Auth/session-manager-swift.git",
      "state" : {
        "revision" : "20cc7bff065d7fe53164d17e7714a3f17d4cea2a",
        "version" : "4.0.2"
      }
    },
    {
      "identity" : "swift-atomics",
      "kind" : "remoteSourceControl",
      "location" : "https://github.com/apple/swift-atomics.git",
      "state" : {
        "revision" : "cd142fd2f64be2100422d658e7411e39489da985",
        "version" : "1.2.0"
      }
    },
    {
      "identity" : "swift-collections",
      "kind" : "remoteSourceControl",
      "location" : "https://github.com/apple/swift-collections.git",
      "state" : {
        "revision" : "94cf62b3ba8d4bed62680a282d4c25f9c63c2efb",
        "version" : "1.1.0"
      }
    },
    {
      "identity" : "swift-http-types",
      "kind" : "remoteSourceControl",
      "location" : "https://github.com/apple/swift-http-types",
      "state" : {
        "revision" : "12358d55a3824bd5fed310b999ea8cf83a9a1a65",
        "version" : "1.0.3"
      }
    },
    {
      "identity" : "swift-log",
      "kind" : "remoteSourceControl",
      "location" : "https://github.com/apple/swift-log.git",
      "state" : {
        "revision" : "e97a6fcb1ab07462881ac165fdbb37f067e205d5",
        "version" : "1.5.4"
      }
    },
    {
      "identity" : "swift-nio",
      "kind" : "remoteSourceControl",
      "location" : "https://github.com/apple/swift-nio.git",
      "state" : {
        "revision" : "359c461e5561d22c6334828806cc25d759ca7aa6",
        "version" : "2.65.0"
      }
    },
    {
      "identity" : "swift-nio-extras",
      "kind" : "remoteSourceControl",
      "location" : "https://github.com/apple/swift-nio-extras.git",
      "state" : {
        "revision" : "a3b640d7dc567225db7c94386a6e71aded1bfa63",
        "version" : "1.22.0"
      }
    },
    {
      "identity" : "swift-nio-http2",
      "kind" : "remoteSourceControl",
      "location" : "https://github.com/apple/swift-nio-http2.git",
      "state" : {
        "revision" : "c6afe04165c865faaa687b42c32ed76dfcc91076",
        "version" : "1.31.0"
      }
    },
    {
      "identity" : "swift-nio-ssl",
      "kind" : "remoteSourceControl",
      "location" : "https://github.com/apple/swift-nio-ssl.git",
      "state" : {
        "revision" : "7c381eb6083542b124a6c18fae742f55001dc2b5",
        "version" : "2.26.0"
      }
    },
    {
      "identity" : "swift-nio-transport-services",
      "kind" : "remoteSourceControl",
      "location" : "https://github.com/apple/swift-nio-transport-services.git",
      "state" : {
        "revision" : "6cbe0ed2b394f21ab0d46b9f0c50c6be964968ce",
        "version" : "1.20.1"
      }
    },
    {
      "identity" : "swift-system",
      "kind" : "remoteSourceControl",
      "location" : "https://github.com/apple/swift-system.git",
      "state" : {
        "revision" : "025bcb1165deab2e20d4eaba79967ce73013f496",
        "version" : "1.2.1"
      }
    },
    {
      "identity" : "web3.swift",
      "kind" : "remoteSourceControl",
      "location" : "https://github.com/argentlabs/web3.swift",
      "state" : {
        "revision" : "1e75f98a5738c470b23bbfffa9314e9f788df76b",
        "version" : "1.6.1"
      }
    },
    {
      "identity" : "web3auth-swift-sdk",
      "kind" : "remoteSourceControl",
      "location" : "https://github.com/Web3Auth/web3auth-swift-sdk/",
      "state" : {
        "revision" : "f146af3cf1e937a54e668d1894795ad26db6663e",
        "version" : "8.4.0"
      }
    },
    {
      "identity" : "websocket-kit",
      "kind" : "remoteSourceControl",
      "location" : "https://github.com/vapor/websocket-kit.git",
      "state" : {
        "revision" : "4232d34efa49f633ba61afde365d3896fc7f8740",
        "version" : "2.15.0"
      }
    }
  ],
  "version" : 3
}
