// !$*UTF8*$!
{
	archiveVersion = 1;
	classes = {
	};
	objectVersion = 55;
	objects = {

/* Begin PBXBuildFile section */
		4D0147162926ADDF00EC1164 /* Web3AuthiOSExampleApp.swift in Sources */ = {isa = PBXBuildFile; fileRef = 4D0147152926ADDF00EC1164 /* Web3AuthiOSExampleApp.swift */; };
		4D0147182926ADDF00EC1164 /* ContentView.swift in Sources */ = {isa = PBXBuildFile; fileRef = 4D0147172926ADDF00EC1164 /* ContentView.swift */; };
		4D01471A2926ADE000EC1164 /* Assets.xcassets in Resources */ = {isa = PBXBuildFile; fileRef = 4D0147192926ADE000EC1164 /* Assets.xcassets */; };
		4D01471D2926ADE000EC1164 /* Preview Assets.xcassets in Resources */ = {isa = PBXBuildFile; fileRef = 4D01471C2926ADE000EC1164 /* Preview Assets.xcassets */; };
		4D0147272926ADE000EC1164 /* Web3AuthiOSExampleTests.swift in Sources */ = {isa = PBXBuildFile; fileRef = 4D0147262926ADE000EC1164 /* Web3AuthiOSExampleTests.swift */; };
		4D0147312926ADE000EC1164 /* Web3AuthiOSExampleUITests.swift in Sources */ = {isa = PBXBuildFile; fileRef = 4D0147302926ADE000EC1164 /* Web3AuthiOSExampleUITests.swift */; };
		4D0147332926ADE000EC1164 /* Web3AuthiOSExampleUITestsLaunchTests.swift in Sources */ = {isa = PBXBuildFile; fileRef = 4D0147322926ADE000EC1164 /* Web3AuthiOSExampleUITestsLaunchTests.swift */; };
		4D0147412926AF2B00EC1164 /* Web3Auth in Frameworks */ = {isa = PBXBuildFile; productRef = 4D0147402926AF2B00EC1164 /* Web3Auth */; };
		4D6A3E402926B3DC00A540BC /* ViewModel.swift in Sources */ = {isa = PBXBuildFile; fileRef = 4D6A3E3F2926B3DC00A540BC /* ViewModel.swift */; };
		4D706180292AA7AA00C7444D /* UserDetailView.swift in Sources */ = {isa = PBXBuildFile; fileRef = 4D70617F292AA7AA00C7444D /* UserDetailView.swift */; };
		4D706182292AA81000C7444D /* LoginView.swift in Sources */ = {isa = PBXBuildFile; fileRef = 4D706181292AA81000C7444D /* LoginView.swift */; };
		4D706184292AAA4400C7444D /* web3RPC.swift in Sources */ = {isa = PBXBuildFile; fileRef = 4D706183292AAA4400C7444D /* web3RPC.swift */; };
		4DE4A3DA292E28DC0085CE85 /* TorusWeb3Utils.swift in Sources */ = {isa = PBXBuildFile; fileRef = 4DE4A3D9292E28DC0085CE85 /* TorusWeb3Utils.swift */; };
/* End PBXBuildFile section */

/* Begin PBXContainerItemProxy section */
		4D0147232926ADE000EC1164 /* PBXContainerItemProxy */ = {
			isa = PBXContainerItemProxy;
			containerPortal = 4D01470A2926ADDF00EC1164 /* Project object */;
			proxyType = 1;
			remoteGlobalIDString = 4D0147112926ADDF00EC1164;
			remoteInfo = Web3AuthiOSExample;
		};
		4D01472D2926ADE000EC1164 /* PBXContainerItemProxy */ = {
			isa = PBXContainerItemProxy;
			containerPortal = 4D01470A2926ADDF00EC1164 /* Project object */;
			proxyType = 1;
			remoteGlobalIDString = 4D0147112926ADDF00EC1164;
			remoteInfo = Web3AuthiOSExample;
		};
/* End PBXContainerItemProxy section */

/* Begin PBXFileReference section */
		4D0147122926ADDF00EC1164 /* Web3AuthiOSExample.app */ = {isa = PBXFileReference; explicitFileType = wrapper.application; includeInIndex = 0; path = Web3AuthiOSExample.app; sourceTree = BUILT_PRODUCTS_DIR; };
		4D0147152926ADDF00EC1164 /* Web3AuthiOSExampleApp.swift */ = {isa = PBXFileReference; lastKnownFileType = sourcecode.swift; path = Web3AuthiOSExampleApp.swift; sourceTree = "<group>"; };
		4D0147172926ADDF00EC1164 /* ContentView.swift */ = {isa = PBXFileReference; lastKnownFileType = sourcecode.swift; path = ContentView.swift; sourceTree = "<group>"; };
		4D0147192926ADE000EC1164 /* Assets.xcassets */ = {isa = PBXFileReference; lastKnownFileType = folder.assetcatalog; path = Assets.xcassets; sourceTree = "<group>"; };
		4D01471C2926ADE000EC1164 /* Preview Assets.xcassets */ = {isa = PBXFileReference; lastKnownFileType = folder.assetcatalog; path = "Preview Assets.xcassets"; sourceTree = "<group>"; };
		4D0147222926ADE000EC1164 /* Web3AuthiOSExampleTests.xctest */ = {isa = PBXFileReference; explicitFileType = wrapper.cfbundle; includeInIndex = 0; path = Web3AuthiOSExampleTests.xctest; sourceTree = BUILT_PRODUCTS_DIR; };
		4D0147262926ADE000EC1164 /* Web3AuthiOSExampleTests.swift */ = {isa = PBXFileReference; lastKnownFileType = sourcecode.swift; path = Web3AuthiOSExampleTests.swift; sourceTree = "<group>"; };
		4D01472C2926ADE000EC1164 /* Web3AuthiOSExampleUITests.xctest */ = {isa = PBXFileReference; explicitFileType = wrapper.cfbundle; includeInIndex = 0; path = Web3AuthiOSExampleUITests.xctest; sourceTree = BUILT_PRODUCTS_DIR; };
		4D0147302926ADE000EC1164 /* Web3AuthiOSExampleUITests.swift */ = {isa = PBXFileReference; lastKnownFileType = sourcecode.swift; path = Web3AuthiOSExampleUITests.swift; sourceTree = "<group>"; };
		4D0147322926ADE000EC1164 /* Web3AuthiOSExampleUITestsLaunchTests.swift */ = {isa = PBXFileReference; lastKnownFileType = sourcecode.swift; path = Web3AuthiOSExampleUITestsLaunchTests.swift; sourceTree = "<group>"; };
		4D6A3E3F2926B3DC00A540BC /* ViewModel.swift */ = {isa = PBXFileReference; lastKnownFileType = sourcecode.swift; path = ViewModel.swift; sourceTree = "<group>"; };
		4D70617F292AA7AA00C7444D /* UserDetailView.swift */ = {isa = PBXFileReference; lastKnownFileType = sourcecode.swift; path = UserDetailView.swift; sourceTree = "<group>"; };
		4D706181292AA81000C7444D /* LoginView.swift */ = {isa = PBXFileReference; lastKnownFileType = sourcecode.swift; path = LoginView.swift; sourceTree = "<group>"; };
		4D706183292AAA4400C7444D /* web3RPC.swift */ = {isa = PBXFileReference; lastKnownFileType = sourcecode.swift; path = web3RPC.swift; sourceTree = "<group>"; };
		4DE4A3D9292E28DC0085CE85 /* TorusWeb3Utils.swift */ = {isa = PBXFileReference; lastKnownFileType = sourcecode.swift; path = TorusWeb3Utils.swift; sourceTree = "<group>"; };
/* End PBXFileReference section */

/* Begin PBXFrameworksBuildPhase section */
		4D01470F2926ADDF00EC1164 /* Frameworks */ = {
			isa = PBXFrameworksBuildPhase;
			buildActionMask = 2147483647;
			files = (
				4D0147412926AF2B00EC1164 /* Web3Auth in Frameworks */,
			);
			runOnlyForDeploymentPostprocessing = 0;
		};
		4D01471F2926ADE000EC1164 /* Frameworks */ = {
			isa = PBXFrameworksBuildPhase;
			buildActionMask = 2147483647;
			files = (
			);
			runOnlyForDeploymentPostprocessing = 0;
		};
		4D0147292926ADE000EC1164 /* Frameworks */ = {
			isa = PBXFrameworksBuildPhase;
			buildActionMask = 2147483647;
			files = (
			);
			runOnlyForDeploymentPostprocessing = 0;
		};
/* End PBXFrameworksBuildPhase section */

/* Begin PBXGroup section */
		4D0147092926ADDF00EC1164 = {
			isa = PBXGroup;
			children = (
				4D0147142926ADDF00EC1164 /* Web3AuthiOSExample */,
				4D0147252926ADE000EC1164 /* Web3AuthiOSExampleTests */,
				4D01472F2926ADE000EC1164 /* Web3AuthiOSExampleUITests */,
				4D0147132926ADDF00EC1164 /* Products */,
			);
			sourceTree = "<group>";
		};
		4D0147132926ADDF00EC1164 /* Products */ = {
			isa = PBXGroup;
			children = (
				4D0147122926ADDF00EC1164 /* Web3AuthiOSExample.app */,
				4D0147222926ADE000EC1164 /* Web3AuthiOSExampleTests.xctest */,
				4D01472C2926ADE000EC1164 /* Web3AuthiOSExampleUITests.xctest */,
			);
			name = Products;
			sourceTree = "<group>";
		};
		4D0147142926ADDF00EC1164 /* Web3AuthiOSExample */ = {
			isa = PBXGroup;
			children = (
				4D0147152926ADDF00EC1164 /* Web3AuthiOSExampleApp.swift */,
				4D0147172926ADDF00EC1164 /* ContentView.swift */,
				4D0147192926ADE000EC1164 /* Assets.xcassets */,
				4D01471B2926ADE000EC1164 /* Preview Content */,
				4D6A3E3F2926B3DC00A540BC /* ViewModel.swift */,
				4D70617F292AA7AA00C7444D /* UserDetailView.swift */,
				4D706181292AA81000C7444D /* LoginView.swift */,
				4D706183292AAA4400C7444D /* web3RPC.swift */,
				4DE4A3D9292E28DC0085CE85 /* TorusWeb3Utils.swift */,
			);
			path = Web3AuthiOSExample;
			sourceTree = "<group>";
		};
		4D01471B2926ADE000EC1164 /* Preview Content */ = {
			isa = PBXGroup;
			children = (
				4D01471C2926ADE000EC1164 /* Preview Assets.xcassets */,
			);
			path = "Preview Content";
			sourceTree = "<group>";
		};
		4D0147252926ADE000EC1164 /* Web3AuthiOSExampleTests */ = {
			isa = PBXGroup;
			children = (
				4D0147262926ADE000EC1164 /* Web3AuthiOSExampleTests.swift */,
			);
			path = Web3AuthiOSExampleTests;
			sourceTree = "<group>";
		};
		4D01472F2926ADE000EC1164 /* Web3AuthiOSExampleUITests */ = {
			isa = PBXGroup;
			children = (
				4D0147302926ADE000EC1164 /* Web3AuthiOSExampleUITests.swift */,
				4D0147322926ADE000EC1164 /* Web3AuthiOSExampleUITestsLaunchTests.swift */,
			);
			path = Web3AuthiOSExampleUITests;
			sourceTree = "<group>";
		};
/* End PBXGroup section */

/* Begin PBXNativeTarget section */
		4D0147112926ADDF00EC1164 /* Web3AuthiOSExample */ = {
			isa = PBXNativeTarget;
			buildConfigurationList = 4D0147362926ADE000EC1164 /* Build configuration list for PBXNativeTarget "Web3AuthiOSExample" */;
			buildPhases = (
				4D01470E2926ADDF00EC1164 /* Sources */,
				4D01470F2926ADDF00EC1164 /* Frameworks */,
				4D0147102926ADDF00EC1164 /* Resources */,
			);
			buildRules = (
			);
			dependencies = (
			);
			name = Web3AuthiOSExample;
			packageProductDependencies = (
				4D0147402926AF2B00EC1164 /* Web3Auth */,
			);
			productName = Web3AuthiOSExample;
			productReference = 4D0147122926ADDF00EC1164 /* Web3AuthiOSExample.app */;
			productType = "com.apple.product-type.application";
		};
		4D0147212926ADE000EC1164 /* Web3AuthiOSExampleTests */ = {
			isa = PBXNativeTarget;
			buildConfigurationList = 4D0147392926ADE000EC1164 /* Build configuration list for PBXNativeTarget "Web3AuthiOSExampleTests" */;
			buildPhases = (
				4D01471E2926ADE000EC1164 /* Sources */,
				4D01471F2926ADE000EC1164 /* Frameworks */,
				4D0147202926ADE000EC1164 /* Resources */,
			);
			buildRules = (
			);
			dependencies = (
				4D0147242926ADE000EC1164 /* PBXTargetDependency */,
			);
			name = Web3AuthiOSExampleTests;
			productName = Web3AuthiOSExampleTests;
			productReference = 4D0147222926ADE000EC1164 /* Web3AuthiOSExampleTests.xctest */;
			productType = "com.apple.product-type.bundle.unit-test";
		};
		4D01472B2926ADE000EC1164 /* Web3AuthiOSExampleUITests */ = {
			isa = PBXNativeTarget;
			buildConfigurationList = 4D01473C2926ADE000EC1164 /* Build configuration list for PBXNativeTarget "Web3AuthiOSExampleUITests" */;
			buildPhases = (
				4D0147282926ADE000EC1164 /* Sources */,
				4D0147292926ADE000EC1164 /* Frameworks */,
				4D01472A2926ADE000EC1164 /* Resources */,
			);
			buildRules = (
			);
			dependencies = (
				4D01472E2926ADE000EC1164 /* PBXTargetDependency */,
			);
			name = Web3AuthiOSExampleUITests;
			productName = Web3AuthiOSExampleUITests;
			productReference = 4D01472C2926ADE000EC1164 /* Web3AuthiOSExampleUITests.xctest */;
			productType = "com.apple.product-type.bundle.ui-testing";
		};
/* End PBXNativeTarget section */

/* Begin PBXProject section */
		4D01470A2926ADDF00EC1164 /* Project object */ = {
			isa = PBXProject;
			attributes = {
				BuildIndependentTargetsInParallel = 1;
				LastSwiftUpdateCheck = 1340;
				LastUpgradeCheck = 1340;
				TargetAttributes = {
					4D0147112926ADDF00EC1164 = {
						CreatedOnToolsVersion = 13.4.1;
					};
					4D0147212926ADE000EC1164 = {
						CreatedOnToolsVersion = 13.4.1;
						TestTargetID = 4D0147112926ADDF00EC1164;
					};
					4D01472B2926ADE000EC1164 = {
						CreatedOnToolsVersion = 13.4.1;
						TestTargetID = 4D0147112926ADDF00EC1164;
					};
				};
			};
			buildConfigurationList = 4D01470D2926ADDF00EC1164 /* Build configuration list for PBXProject "Web3AuthiOSExample" */;
			compatibilityVersion = "Xcode 13.0";
			developmentRegion = en;
			hasScannedForEncodings = 0;
			knownRegions = (
				en,
				Base,
			);
			mainGroup = 4D0147092926ADDF00EC1164;
			packageReferences = (
				4D01473F2926AF2B00EC1164 /* XCRemoteSwiftPackageReference "web3auth-swift-sdk" */,
			);
			productRefGroup = 4D0147132926ADDF00EC1164 /* Products */;
			projectDirPath = "";
			projectRoot = "";
			targets = (
				4D0147112926ADDF00EC1164 /* Web3AuthiOSExample */,
				4D0147212926ADE000EC1164 /* Web3AuthiOSExampleTests */,
				4D01472B2926ADE000EC1164 /* Web3AuthiOSExampleUITests */,
			);
		};
/* End PBXProject section */

/* Begin PBXResourcesBuildPhase section */
		4D0147102926ADDF00EC1164 /* Resources */ = {
			isa = PBXResourcesBuildPhase;
			buildActionMask = 2147483647;
			files = (
				4D01471D2926ADE000EC1164 /* Preview Assets.xcassets in Resources */,
				4D01471A2926ADE000EC1164 /* Assets.xcassets in Resources */,
			);
			runOnlyForDeploymentPostprocessing = 0;
		};
		4D0147202926ADE000EC1164 /* Resources */ = {
			isa = PBXResourcesBuildPhase;
			buildActionMask = 2147483647;
			files = (
			);
			runOnlyForDeploymentPostprocessing = 0;
		};
		4D01472A2926ADE000EC1164 /* Resources */ = {
			isa = PBXResourcesBuildPhase;
			buildActionMask = 2147483647;
			files = (
			);
			runOnlyForDeploymentPostprocessing = 0;
		};
/* End PBXResourcesBuildPhase section */

/* Begin PBXSourcesBuildPhase section */
		4D01470E2926ADDF00EC1164 /* Sources */ = {
			isa = PBXSourcesBuildPhase;
			buildActionMask = 2147483647;
			files = (
				4DE4A3DA292E28DC0085CE85 /* TorusWeb3Utils.swift in Sources */,
				4D706180292AA7AA00C7444D /* UserDetailView.swift in Sources */,
				4D0147182926ADDF00EC1164 /* ContentView.swift in Sources */,
				4D706184292AAA4400C7444D /* web3RPC.swift in Sources */,
				4D6A3E402926B3DC00A540BC /* ViewModel.swift in Sources */,
				4D706182292AA81000C7444D /* LoginView.swift in Sources */,
				4D0147162926ADDF00EC1164 /* Web3AuthiOSExampleApp.swift in Sources */,
			);
			runOnlyForDeploymentPostprocessing = 0;
		};
		4D01471E2926ADE000EC1164 /* Sources */ = {
			isa = PBXSourcesBuildPhase;
			buildActionMask = 2147483647;
			files = (
				4D0147272926ADE000EC1164 /* Web3AuthiOSExampleTests.swift in Sources */,
			);
			runOnlyForDeploymentPostprocessing = 0;
		};
		4D0147282926ADE000EC1164 /* Sources */ = {
			isa = PBXSourcesBuildPhase;
			buildActionMask = 2147483647;
			files = (
				4D0147332926ADE000EC1164 /* Web3AuthiOSExampleUITestsLaunchTests.swift in Sources */,
				4D0147312926ADE000EC1164 /* Web3AuthiOSExampleUITests.swift in Sources */,
			);
			runOnlyForDeploymentPostprocessing = 0;
		};
/* End PBXSourcesBuildPhase section */

/* Begin PBXTargetDependency section */
		4D0147242926ADE000EC1164 /* PBXTargetDependency */ = {
			isa = PBXTargetDependency;
			target = 4D0147112926ADDF00EC1164 /* Web3AuthiOSExample */;
			targetProxy = 4D0147232926ADE000EC1164 /* PBXContainerItemProxy */;
		};
		4D01472E2926ADE000EC1164 /* PBXTargetDependency */ = {
			isa = PBXTargetDependency;
			target = 4D0147112926ADDF00EC1164 /* Web3AuthiOSExample */;
			targetProxy = 4D01472D2926ADE000EC1164 /* PBXContainerItemProxy */;
		};
/* End PBXTargetDependency section */

/* Begin XCBuildConfiguration section */
		4D0147342926ADE000EC1164 /* Debug */ = {
			isa = XCBuildConfiguration;
			buildSettings = {
				ALWAYS_SEARCH_USER_PATHS = NO;
				CLANG_ANALYZER_NONNULL = YES;
				CLANG_ANALYZER_NUMBER_OBJECT_CONVERSION = YES_AGGRESSIVE;
				CLANG_CXX_LANGUAGE_STANDARD = "gnu++17";
				CLANG_ENABLE_MODULES = YES;
				CLANG_ENABLE_OBJC_ARC = YES;
				CLANG_ENABLE_OBJC_WEAK = YES;
				CLANG_WARN_BLOCK_CAPTURE_AUTORELEASING = YES;
				CLANG_WARN_BOOL_CONVERSION = YES;
				CLANG_WARN_COMMA = YES;
				CLANG_WARN_CONSTANT_CONVERSION = YES;
				CLANG_WARN_DEPRECATED_OBJC_IMPLEMENTATIONS = YES;
				CLANG_WARN_DIRECT_OBJC_ISA_USAGE = YES_ERROR;
				CLANG_WARN_DOCUMENTATION_COMMENTS = YES;
				CLANG_WARN_EMPTY_BODY = YES;
				CLANG_WARN_ENUM_CONVERSION = YES;
				CLANG_WARN_INFINITE_RECURSION = YES;
				CLANG_WARN_INT_CONVERSION = YES;
				CLANG_WARN_NON_LITERAL_NULL_CONVERSION = YES;
				CLANG_WARN_OBJC_IMPLICIT_RETAIN_SELF = YES;
				CLANG_WARN_OBJC_LITERAL_CONVERSION = YES;
				CLANG_WARN_OBJC_ROOT_CLASS = YES_ERROR;
				CLANG_WARN_QUOTED_INCLUDE_IN_FRAMEWORK_HEADER = YES;
				CLANG_WARN_RANGE_LOOP_ANALYSIS = YES;
				CLANG_WARN_STRICT_PROTOTYPES = YES;
				CLANG_WARN_SUSPICIOUS_MOVE = YES;
				CLANG_WARN_UNGUARDED_AVAILABILITY = YES_AGGRESSIVE;
				CLANG_WARN_UNREACHABLE_CODE = YES;
				CLANG_WARN__DUPLICATE_METHOD_MATCH = YES;
				COPY_PHASE_STRIP = NO;
				DEBUG_INFORMATION_FORMAT = dwarf;
				ENABLE_STRICT_OBJC_MSGSEND = YES;
				ENABLE_TESTABILITY = YES;
				GCC_C_LANGUAGE_STANDARD = gnu11;
				GCC_DYNAMIC_NO_PIC = NO;
				GCC_NO_COMMON_BLOCKS = YES;
				GCC_OPTIMIZATION_LEVEL = 0;
				GCC_PREPROCESSOR_DEFINITIONS = (
					"DEBUG=1",
					"$(inherited)",
				);
				GCC_WARN_64_TO_32_BIT_CONVERSION = YES;
				GCC_WARN_ABOUT_RETURN_TYPE = YES_ERROR;
				GCC_WARN_UNDECLARED_SELECTOR = YES;
				GCC_WARN_UNINITIALIZED_AUTOS = YES_AGGRESSIVE;
				GCC_WARN_UNUSED_FUNCTION = YES;
				GCC_WARN_UNUSED_VARIABLE = YES;
				IPHONEOS_DEPLOYMENT_TARGET = 15.5;
				MTL_ENABLE_DEBUG_INFO = INCLUDE_SOURCE;
				MTL_FAST_MATH = YES;
				ONLY_ACTIVE_ARCH = YES;
				SDKROOT = iphoneos;
				SWIFT_ACTIVE_COMPILATION_CONDITIONS = DEBUG;
				SWIFT_OPTIMIZATION_LEVEL = "-Onone";
			};
			name = Debug;
		};
		4D0147352926ADE000EC1164 /* Release */ = {
			isa = XCBuildConfiguration;
			buildSettings = {
				ALWAYS_SEARCH_USER_PATHS = NO;
				CLANG_ANALYZER_NONNULL = YES;
				CLANG_ANALYZER_NUMBER_OBJECT_CONVERSION = YES_AGGRESSIVE;
				CLANG_CXX_LANGUAGE_STANDARD = "gnu++17";
				CLANG_ENABLE_MODULES = YES;
				CLANG_ENABLE_OBJC_ARC = YES;
				CLANG_ENABLE_OBJC_WEAK = YES;
				CLANG_WARN_BLOCK_CAPTURE_AUTORELEASING = YES;
				CLANG_WARN_BOOL_CONVERSION = YES;
				CLANG_WARN_COMMA = YES;
				CLANG_WARN_CONSTANT_CONVERSION = YES;
				CLANG_WARN_DEPRECATED_OBJC_IMPLEMENTATIONS = YES;
				CLANG_WARN_DIRECT_OBJC_ISA_USAGE = YES_ERROR;
				CLANG_WARN_DOCUMENTATION_COMMENTS = YES;
				CLANG_WARN_EMPTY_BODY = YES;
				CLANG_WARN_ENUM_CONVERSION = YES;
				CLANG_WARN_INFINITE_RECURSION = YES;
				CLANG_WARN_INT_CONVERSION = YES;
				CLANG_WARN_NON_LITERAL_NULL_CONVERSION = YES;
				CLANG_WARN_OBJC_IMPLICIT_RETAIN_SELF = YES;
				CLANG_WARN_OBJC_LITERAL_CONVERSION = YES;
				CLANG_WARN_OBJC_ROOT_CLASS = YES_ERROR;
				CLANG_WARN_QUOTED_INCLUDE_IN_FRAMEWORK_HEADER = YES;
				CLANG_WARN_RANGE_LOOP_ANALYSIS = YES;
				CLANG_WARN_STRICT_PROTOTYPES = YES;
				CLANG_WARN_SUSPICIOUS_MOVE = YES;
				CLANG_WARN_UNGUARDED_AVAILABILITY = YES_AGGRESSIVE;
				CLANG_WARN_UNREACHABLE_CODE = YES;
				CLANG_WARN__DUPLICATE_METHOD_MATCH = YES;
				COPY_PHASE_STRIP = NO;
				DEBUG_INFORMATION_FORMAT = "dwarf-with-dsym";
				ENABLE_NS_ASSERTIONS = NO;
				ENABLE_STRICT_OBJC_MSGSEND = YES;
				GCC_C_LANGUAGE_STANDARD = gnu11;
				GCC_NO_COMMON_BLOCKS = YES;
				GCC_WARN_64_TO_32_BIT_CONVERSION = YES;
				GCC_WARN_ABOUT_RETURN_TYPE = YES_ERROR;
				GCC_WARN_UNDECLARED_SELECTOR = YES;
				GCC_WARN_UNINITIALIZED_AUTOS = YES_AGGRESSIVE;
				GCC_WARN_UNUSED_FUNCTION = YES;
				GCC_WARN_UNUSED_VARIABLE = YES;
				IPHONEOS_DEPLOYMENT_TARGET = 15.5;
				MTL_ENABLE_DEBUG_INFO = NO;
				MTL_FAST_MATH = YES;
				SDKROOT = iphoneos;
				SWIFT_COMPILATION_MODE = wholemodule;
				SWIFT_OPTIMIZATION_LEVEL = "-O";
				VALIDATE_PRODUCT = YES;
			};
			name = Release;
		};
		4D0147372926ADE000EC1164 /* Debug */ = {
			isa = XCBuildConfiguration;
			buildSettings = {
				ASSETCATALOG_COMPILER_APPICON_NAME = AppIcon;
				ASSETCATALOG_COMPILER_GLOBAL_ACCENT_COLOR_NAME = AccentColor;
				CODE_SIGN_STYLE = Automatic;
				CURRENT_PROJECT_VERSION = 1;
				DEVELOPMENT_ASSET_PATHS = "\"Web3AuthiOSExample/Preview Content\"";
				ENABLE_PREVIEWS = YES;
				GENERATE_INFOPLIST_FILE = YES;
				INFOPLIST_KEY_UIApplicationSceneManifest_Generation = YES;
				INFOPLIST_KEY_UIApplicationSupportsIndirectInputEvents = YES;
				INFOPLIST_KEY_UILaunchScreen_Generation = YES;
				INFOPLIST_KEY_UISupportedInterfaceOrientations_iPad = "UIInterfaceOrientationPortrait UIInterfaceOrientationPortraitUpsideDown UIInterfaceOrientationLandscapeLeft UIInterfaceOrientationLandscapeRight";
				INFOPLIST_KEY_UISupportedInterfaceOrientations_iPhone = "UIInterfaceOrientationPortrait UIInterfaceOrientationLandscapeLeft UIInterfaceOrientationLandscapeRight";
				LD_RUNPATH_SEARCH_PATHS = (
					"$(inherited)",
					"@executable_path/Frameworks",
				);
				MARKETING_VERSION = 1.0;
				PRODUCT_BUNDLE_IDENTIFIER = Web3Auth.Web3AuthiOSExample;
				PRODUCT_NAME = "$(TARGET_NAME)";
				SWIFT_EMIT_LOC_STRINGS = YES;
				SWIFT_VERSION = 5.0;
				TARGETED_DEVICE_FAMILY = "1,2";
			};
			name = Debug;
		};
		4D0147382926ADE000EC1164 /* Release */ = {
			isa = XCBuildConfiguration;
			buildSettings = {
				ASSETCATALOG_COMPILER_APPICON_NAME = AppIcon;
				ASSETCATALOG_COMPILER_GLOBAL_ACCENT_COLOR_NAME = AccentColor;
				CODE_SIGN_STYLE = Automatic;
				CURRENT_PROJECT_VERSION = 1;
				DEVELOPMENT_ASSET_PATHS = "\"Web3AuthiOSExample/Preview Content\"";
				ENABLE_PREVIEWS = YES;
				GENERATE_INFOPLIST_FILE = YES;
				INFOPLIST_KEY_UIApplicationSceneManifest_Generation = YES;
				INFOPLIST_KEY_UIApplicationSupportsIndirectInputEvents = YES;
				INFOPLIST_KEY_UILaunchScreen_Generation = YES;
				INFOPLIST_KEY_UISupportedInterfaceOrientations_iPad = "UIInterfaceOrientationPortrait UIInterfaceOrientationPortraitUpsideDown UIInterfaceOrientationLandscapeLeft UIInterfaceOrientationLandscapeRight";
				INFOPLIST_KEY_UISupportedInterfaceOrientations_iPhone = "UIInterfaceOrientationPortrait UIInterfaceOrientationLandscapeLeft UIInterfaceOrientationLandscapeRight";
				LD_RUNPATH_SEARCH_PATHS = (
					"$(inherited)",
					"@executable_path/Frameworks",
				);
				MARKETING_VERSION = 1.0;
				PRODUCT_BUNDLE_IDENTIFIER = Web3Auth.Web3AuthiOSExample;
				PRODUCT_NAME = "$(TARGET_NAME)";
				SWIFT_EMIT_LOC_STRINGS = YES;
				SWIFT_VERSION = 5.0;
				TARGETED_DEVICE_FAMILY = "1,2";
			};
			name = Release;
		};
		4D01473A2926ADE000EC1164 /* Debug */ = {
			isa = XCBuildConfiguration;
			buildSettings = {
				ALWAYS_EMBED_SWIFT_STANDARD_LIBRARIES = YES;
				BUNDLE_LOADER = "$(TEST_HOST)";
				CODE_SIGN_STYLE = Automatic;
				CURRENT_PROJECT_VERSION = 1;
				GENERATE_INFOPLIST_FILE = YES;
				IPHONEOS_DEPLOYMENT_TARGET = 15.5;
				MARKETING_VERSION = 1.0;
				PRODUCT_BUNDLE_IDENTIFIER = Web3Auth.Web3AuthiOSExampleTests;
				PRODUCT_NAME = "$(TARGET_NAME)";
				SWIFT_EMIT_LOC_STRINGS = NO;
				SWIFT_VERSION = 5.0;
				TARGETED_DEVICE_FAMILY = "1,2";
				TEST_HOST = "$(BUILT_PRODUCTS_DIR)/Web3AuthiOSExample.app/Web3AuthiOSExample";
			};
			name = Debug;
		};
		4D01473B2926ADE000EC1164 /* Release */ = {
			isa = XCBuildConfiguration;
			buildSettings = {
				ALWAYS_EMBED_SWIFT_STANDARD_LIBRARIES = YES;
				BUNDLE_LOADER = "$(TEST_HOST)";
				CODE_SIGN_STYLE = Automatic;
				CURRENT_PROJECT_VERSION = 1;
				GENERATE_INFOPLIST_FILE = YES;
				IPHONEOS_DEPLOYMENT_TARGET = 15.5;
				MARKETING_VERSION = 1.0;
				PRODUCT_BUNDLE_IDENTIFIER = Web3Auth.Web3AuthiOSExampleTests;
				PRODUCT_NAME = "$(TARGET_NAME)";
				SWIFT_EMIT_LOC_STRINGS = NO;
				SWIFT_VERSION = 5.0;
				TARGETED_DEVICE_FAMILY = "1,2";
				TEST_HOST = "$(BUILT_PRODUCTS_DIR)/Web3AuthiOSExample.app/Web3AuthiOSExample";
			};
			name = Release;
		};
		4D01473D2926ADE000EC1164 /* Debug */ = {
			isa = XCBuildConfiguration;
			buildSettings = {
				ALWAYS_EMBED_SWIFT_STANDARD_LIBRARIES = YES;
				CODE_SIGN_STYLE = Automatic;
				CURRENT_PROJECT_VERSION = 1;
				GENERATE_INFOPLIST_FILE = YES;
				MARKETING_VERSION = 1.0;
				PRODUCT_BUNDLE_IDENTIFIER = Web3Auth.Web3AuthiOSExampleUITests;
				PRODUCT_NAME = "$(TARGET_NAME)";
				SWIFT_EMIT_LOC_STRINGS = NO;
				SWIFT_VERSION = 5.0;
				TARGETED_DEVICE_FAMILY = "1,2";
				TEST_TARGET_NAME = Web3AuthiOSExample;
			};
			name = Debug;
		};
		4D01473E2926ADE000EC1164 /* Release */ = {
			isa = XCBuildConfiguration;
			buildSettings = {
				ALWAYS_EMBED_SWIFT_STANDARD_LIBRARIES = YES;
				CODE_SIGN_STYLE = Automatic;
				CURRENT_PROJECT_VERSION = 1;
				GENERATE_INFOPLIST_FILE = YES;
				MARKETING_VERSION = 1.0;
				PRODUCT_BUNDLE_IDENTIFIER = Web3Auth.Web3AuthiOSExampleUITests;
				PRODUCT_NAME = "$(TARGET_NAME)";
				SWIFT_EMIT_LOC_STRINGS = NO;
				SWIFT_VERSION = 5.0;
				TARGETED_DEVICE_FAMILY = "1,2";
				TEST_TARGET_NAME = Web3AuthiOSExample;
			};
			name = Release;
		};
/* End XCBuildConfiguration section */

/* Begin XCConfigurationList section */
		4D01470D2926ADDF00EC1164 /* Build configuration list for PBXProject "Web3AuthiOSExample" */ = {
			isa = XCConfigurationList;
			buildConfigurations = (
				4D0147342926ADE000EC1164 /* Debug */,
				4D0147352926ADE000EC1164 /* Release */,
			);
			defaultConfigurationIsVisible = 0;
			defaultConfigurationName = Release;
		};
		4D0147362926ADE000EC1164 /* Build configuration list for PBXNativeTarget "Web3AuthiOSExample" */ = {
			isa = XCConfigurationList;
			buildConfigurations = (
				4D0147372926ADE000EC1164 /* Debug */,
				4D0147382926ADE000EC1164 /* Release */,
			);
			defaultConfigurationIsVisible = 0;
			defaultConfigurationName = Release;
		};
		4D0147392926ADE000EC1164 /* Build configuration list for PBXNativeTarget "Web3AuthiOSExampleTests" */ = {
			isa = XCConfigurationList;
			buildConfigurations = (
				4D01473A2926ADE000EC1164 /* Debug */,
				4D01473B2926ADE000EC1164 /* Release */,
			);
			defaultConfigurationIsVisible = 0;
			defaultConfigurationName = Release;
		};
		4D01473C2926ADE000EC1164 /* Build configuration list for PBXNativeTarget "Web3AuthiOSExampleUITests" */ = {
			isa = XCConfigurationList;
			buildConfigurations = (
				4D01473D2926ADE000EC1164 /* Debug */,
				4D01473E2926ADE000EC1164 /* Release */,
			);
			defaultConfigurationIsVisible = 0;
			defaultConfigurationName = Release;
		};
/* End XCConfigurationList section */

/* Begin XCRemoteSwiftPackageReference section */
		4D01473F2926AF2B00EC1164 /* XCRemoteSwiftPackageReference "web3auth-swift-sdk" */ = {
			isa = XCRemoteSwiftPackageReference;
			repositoryURL = "https://github.com/web3auth/web3auth-swift-sdk";
			requirement = {
				branch = master;
				kind = branch;
			};
		};
/* End XCRemoteSwiftPackageReference section */

/* Begin XCSwiftPackageProductDependency section */
		4D0147402926AF2B00EC1164 /* Web3Auth */ = {
			isa = XCSwiftPackageProductDependency;
			package = 4D01473F2926AF2B00EC1164 /* XCRemoteSwiftPackageReference "web3auth-swift-sdk" */;
			productName = Web3Auth;
		};
/* End XCSwiftPackageProductDependency section */
	};
	rootObject = 4D01470A2926ADDF00EC1164 /* Project object */;
}
