// !$*UTF8*$!
{
	archiveVersion = 1;
	classes = {
	};
	objectVersion = 56;
	objects = {

/* Begin PBXBuildFile section */
		280AFDE92C00AEFC0007AA03 /* ios_aptos_exampleApp.swift in Sources */ = {isa = PBXBuildFile; fileRef = 280AFDE82C00AEFC0007AA03 /* ios_aptos_exampleApp.swift */; };
		280AFDEB2C00AEFC0007AA03 /* ContentView.swift in Sources */ = {isa = PBXBuildFile; fileRef = 280AFDEA2C00AEFC0007AA03 /* ContentView.swift */; };
		280AFDED2C00AEFD0007AA03 /* Assets.xcassets in Resources */ = {isa = PBXBuildFile; fileRef = 280AFDEC2C00AEFD0007AA03 /* Assets.xcassets */; };
		280AFDF02C00AEFD0007AA03 /* Preview Assets.xcassets in Resources */ = {isa = PBXBuildFile; fileRef = 280AFDEF2C00AEFD0007AA03 /* Preview Assets.xcassets */; };
		280AFDFA2C00AEFE0007AA03 /* ios_aptos_exampleTests.swift in Sources */ = {isa = PBXBuildFile; fileRef = 280AFDF92C00AEFE0007AA03 /* ios_aptos_exampleTests.swift */; };
		280AFE042C00AEFE0007AA03 /* ios_aptos_exampleUITests.swift in Sources */ = {isa = PBXBuildFile; fileRef = 280AFE032C00AEFE0007AA03 /* ios_aptos_exampleUITests.swift */; };
		280AFE062C00AEFE0007AA03 /* ios_aptos_exampleUITestsLaunchTests.swift in Sources */ = {isa = PBXBuildFile; fileRef = 280AFE052C00AEFE0007AA03 /* ios_aptos_exampleUITestsLaunchTests.swift */; };
		280AFE142C00AF2C0007AA03 /* Web3Auth in Frameworks */ = {isa = PBXBuildFile; productRef = 280AFE132C00AF2C0007AA03 /* Web3Auth */; };
		280AFE172C00B00B0007AA03 /* Web3AuthHelper.swift in Sources */ = {isa = PBXBuildFile; fileRef = 280AFE162C00B00B0007AA03 /* Web3AuthHelper.swift */; };
		280AFE1A2C00B08C0007AA03 /* MainViewModel.swift in Sources */ = {isa = PBXBuildFile; fileRef = 280AFE192C00B08C0007AA03 /* MainViewModel.swift */; };
		280AFE1D2C00B3530007AA03 /* LoginView.swift in Sources */ = {isa = PBXBuildFile; fileRef = 280AFE1C2C00B3530007AA03 /* LoginView.swift */; };
		280AFE1F2C00B35E0007AA03 /* HomeView.swift in Sources */ = {isa = PBXBuildFile; fileRef = 280AFE1E2C00B35E0007AA03 /* HomeView.swift */; };
		280AFE232C00B47C0007AA03 /* AptosHelper.swift in Sources */ = {isa = PBXBuildFile; fileRef = 280AFE222C00B47C0007AA03 /* AptosHelper.swift */; };
		280AFE282C019E810007AA03 /* Extension.swift in Sources */ = {isa = PBXBuildFile; fileRef = 280AFE272C019E810007AA03 /* Extension.swift */; };
		A4DCEE712C8B36670048A663 /* Aptos in Frameworks */ = {isa = PBXBuildFile; productRef = A4DCEE702C8B36670048A663 /* Aptos */; };
		A4DCEE732C8B36670048A663 /* BIP32 in Frameworks */ = {isa = PBXBuildFile; productRef = A4DCEE722C8B36670048A663 /* BIP32 */; };
/* End PBXBuildFile section */

/* Begin PBXContainerItemProxy section */
		280AFDF62C00AEFE0007AA03 /* PBXContainerItemProxy */ = {
			isa = PBXContainerItemProxy;
			containerPortal = 280AFDDD2C00AEFC0007AA03 /* Project object */;
			proxyType = 1;
			remoteGlobalIDString = 280AFDE42C00AEFC0007AA03;
			remoteInfo = "ios-aptos-example";
		};
		280AFE002C00AEFE0007AA03 /* PBXContainerItemProxy */ = {
			isa = PBXContainerItemProxy;
			containerPortal = 280AFDDD2C00AEFC0007AA03 /* Project object */;
			proxyType = 1;
			remoteGlobalIDString = 280AFDE42C00AEFC0007AA03;
			remoteInfo = "ios-aptos-example";
		};
/* End PBXContainerItemProxy section */

/* Begin PBXFileReference section */
		280AFDE52C00AEFC0007AA03 /* ios-aptos-example.app */ = {isa = PBXFileReference; explicitFileType = wrapper.application; includeInIndex = 0; path = "ios-aptos-example.app"; sourceTree = BUILT_PRODUCTS_DIR; };
		280AFDE82C00AEFC0007AA03 /* ios_aptos_exampleApp.swift */ = {isa = PBXFileReference; lastKnownFileType = sourcecode.swift; path = ios_aptos_exampleApp.swift; sourceTree = "<group>"; };
		280AFDEA2C00AEFC0007AA03 /* ContentView.swift */ = {isa = PBXFileReference; lastKnownFileType = sourcecode.swift; path = ContentView.swift; sourceTree = "<group>"; };
		280AFDEC2C00AEFD0007AA03 /* Assets.xcassets */ = {isa = PBXFileReference; lastKnownFileType = folder.assetcatalog; path = Assets.xcassets; sourceTree = "<group>"; };
		280AFDEF2C00AEFD0007AA03 /* Preview Assets.xcassets */ = {isa = PBXFileReference; lastKnownFileType = folder.assetcatalog; path = "Preview Assets.xcassets"; sourceTree = "<group>"; };
		280AFDF52C00AEFE0007AA03 /* ios-aptos-exampleTests.xctest */ = {isa = PBXFileReference; explicitFileType = wrapper.cfbundle; includeInIndex = 0; path = "ios-aptos-exampleTests.xctest"; sourceTree = BUILT_PRODUCTS_DIR; };
		280AFDF92C00AEFE0007AA03 /* ios_aptos_exampleTests.swift */ = {isa = PBXFileReference; lastKnownFileType = sourcecode.swift; path = ios_aptos_exampleTests.swift; sourceTree = "<group>"; };
		280AFDFF2C00AEFE0007AA03 /* ios-aptos-exampleUITests.xctest */ = {isa = PBXFileReference; explicitFileType = wrapper.cfbundle; includeInIndex = 0; path = "ios-aptos-exampleUITests.xctest"; sourceTree = BUILT_PRODUCTS_DIR; };
		280AFE032C00AEFE0007AA03 /* ios_aptos_exampleUITests.swift */ = {isa = PBXFileReference; lastKnownFileType = sourcecode.swift; path = ios_aptos_exampleUITests.swift; sourceTree = "<group>"; };
		280AFE052C00AEFE0007AA03 /* ios_aptos_exampleUITestsLaunchTests.swift */ = {isa = PBXFileReference; lastKnownFileType = sourcecode.swift; path = ios_aptos_exampleUITestsLaunchTests.swift; sourceTree = "<group>"; };
		280AFE162C00B00B0007AA03 /* Web3AuthHelper.swift */ = {isa = PBXFileReference; lastKnownFileType = sourcecode.swift; path = Web3AuthHelper.swift; sourceTree = "<group>"; };
		280AFE192C00B08C0007AA03 /* MainViewModel.swift */ = {isa = PBXFileReference; lastKnownFileType = sourcecode.swift; path = MainViewModel.swift; sourceTree = "<group>"; };
		280AFE1C2C00B3530007AA03 /* LoginView.swift */ = {isa = PBXFileReference; lastKnownFileType = sourcecode.swift; path = LoginView.swift; sourceTree = "<group>"; };
		280AFE1E2C00B35E0007AA03 /* HomeView.swift */ = {isa = PBXFileReference; lastKnownFileType = sourcecode.swift; path = HomeView.swift; sourceTree = "<group>"; };
		280AFE222C00B47C0007AA03 /* AptosHelper.swift */ = {isa = PBXFileReference; lastKnownFileType = sourcecode.swift; path = AptosHelper.swift; sourceTree = "<group>"; };
		280AFE272C019E810007AA03 /* Extension.swift */ = {isa = PBXFileReference; lastKnownFileType = sourcecode.swift; path = Extension.swift; sourceTree = "<group>"; };
/* End PBXFileReference section */

/* Begin PBXFrameworksBuildPhase section */
		280AFDE22C00AEFC0007AA03 /* Frameworks */ = {
			isa = PBXFrameworksBuildPhase;
			buildActionMask = 2147483647;
			files = (
				A4DCEE732C8B36670048A663 /* BIP32 in Frameworks */,
				A4DCEE712C8B36670048A663 /* Aptos in Frameworks */,
				280AFE142C00AF2C0007AA03 /* Web3Auth in Frameworks */,
			);
			runOnlyForDeploymentPostprocessing = 0;
		};
		280AFDF22C00AEFE0007AA03 /* Frameworks */ = {
			isa = PBXFrameworksBuildPhase;
			buildActionMask = 2147483647;
			files = (
			);
			runOnlyForDeploymentPostprocessing = 0;
		};
		280AFDFC2C00AEFE0007AA03 /* Frameworks */ = {
			isa = PBXFrameworksBuildPhase;
			buildActionMask = 2147483647;
			files = (
			);
			runOnlyForDeploymentPostprocessing = 0;
		};
/* End PBXFrameworksBuildPhase section */

/* Begin PBXGroup section */
		280AFDDC2C00AEFC0007AA03 = {
			isa = PBXGroup;
			children = (
				280AFDE72C00AEFC0007AA03 /* ios-aptos-example */,
				280AFDF82C00AEFE0007AA03 /* ios-aptos-exampleTests */,
				280AFE022C00AEFE0007AA03 /* ios-aptos-exampleUITests */,
				280AFDE62C00AEFC0007AA03 /* Products */,
				A45EB4E82C8AEB21008CDCF8 /* Frameworks */,
			);
			sourceTree = "<group>";
		};
		280AFDE62C00AEFC0007AA03 /* Products */ = {
			isa = PBXGroup;
			children = (
				280AFDE52C00AEFC0007AA03 /* ios-aptos-example.app */,
				280AFDF52C00AEFE0007AA03 /* ios-aptos-exampleTests.xctest */,
				280AFDFF2C00AEFE0007AA03 /* ios-aptos-exampleUITests.xctest */,
			);
			name = Products;
			sourceTree = "<group>";
		};
		280AFDE72C00AEFC0007AA03 /* ios-aptos-example */ = {
			isa = PBXGroup;
			children = (
				280AFE1B2C00B3420007AA03 /* Views */,
				280AFE182C00B0710007AA03 /* ViewModels */,
				280AFE152C00AFEC0007AA03 /* Helper */,
				280AFDE82C00AEFC0007AA03 /* ios_aptos_exampleApp.swift */,
				280AFDEC2C00AEFD0007AA03 /* Assets.xcassets */,
				280AFDEE2C00AEFD0007AA03 /* Preview Content */,
			);
			path = "ios-aptos-example";
			sourceTree = "<group>";
		};
		280AFDEE2C00AEFD0007AA03 /* Preview Content */ = {
			isa = PBXGroup;
			children = (
				280AFDEF2C00AEFD0007AA03 /* Preview Assets.xcassets */,
			);
			path = "Preview Content";
			sourceTree = "<group>";
		};
		280AFDF82C00AEFE0007AA03 /* ios-aptos-exampleTests */ = {
			isa = PBXGroup;
			children = (
				280AFDF92C00AEFE0007AA03 /* ios_aptos_exampleTests.swift */,
			);
			path = "ios-aptos-exampleTests";
			sourceTree = "<group>";
		};
		280AFE022C00AEFE0007AA03 /* ios-aptos-exampleUITests */ = {
			isa = PBXGroup;
			children = (
				280AFE032C00AEFE0007AA03 /* ios_aptos_exampleUITests.swift */,
				280AFE052C00AEFE0007AA03 /* ios_aptos_exampleUITestsLaunchTests.swift */,
			);
			path = "ios-aptos-exampleUITests";
			sourceTree = "<group>";
		};
		280AFE152C00AFEC0007AA03 /* Helper */ = {
			isa = PBXGroup;
			children = (
				280AFE162C00B00B0007AA03 /* Web3AuthHelper.swift */,
				280AFE222C00B47C0007AA03 /* AptosHelper.swift */,
				280AFE272C019E810007AA03 /* Extension.swift */,
			);
			path = Helper;
			sourceTree = "<group>";
		};
		280AFE182C00B0710007AA03 /* ViewModels */ = {
			isa = PBXGroup;
			children = (
				280AFE192C00B08C0007AA03 /* MainViewModel.swift */,
			);
			path = ViewModels;
			sourceTree = "<group>";
		};
		280AFE1B2C00B3420007AA03 /* Views */ = {
			isa = PBXGroup;
			children = (
				280AFDEA2C00AEFC0007AA03 /* ContentView.swift */,
				280AFE1C2C00B3530007AA03 /* LoginView.swift */,
				280AFE1E2C00B35E0007AA03 /* HomeView.swift */,
			);
			path = Views;
			sourceTree = "<group>";
		};
		A45EB4E82C8AEB21008CDCF8 /* Frameworks */ = {
			isa = PBXGroup;
			children = (
			);
			name = Frameworks;
			sourceTree = "<group>";
		};
/* End PBXGroup section */

/* Begin PBXNativeTarget section */
		280AFDE42C00AEFC0007AA03 /* ios-aptos-example */ = {
			isa = PBXNativeTarget;
			buildConfigurationList = 280AFE092C00AEFE0007AA03 /* Build configuration list for PBXNativeTarget "ios-aptos-example" */;
			buildPhases = (
				280AFDE12C00AEFC0007AA03 /* Sources */,
				280AFDE22C00AEFC0007AA03 /* Frameworks */,
				280AFDE32C00AEFC0007AA03 /* Resources */,
			);
			buildRules = (
			);
			dependencies = (
			);
			name = "ios-aptos-example";
			packageProductDependencies = (
				280AFE132C00AF2C0007AA03 /* Web3Auth */,
				A4DCEE702C8B36670048A663 /* Aptos */,
				A4DCEE722C8B36670048A663 /* BIP32 */,
			);
			productName = "ios-aptos-example";
			productReference = 280AFDE52C00AEFC0007AA03 /* ios-aptos-example.app */;
			productType = "com.apple.product-type.application";
		};
		280AFDF42C00AEFE0007AA03 /* ios-aptos-exampleTests */ = {
			isa = PBXNativeTarget;
			buildConfigurationList = 280AFE0C2C00AEFE0007AA03 /* Build configuration list for PBXNativeTarget "ios-aptos-exampleTests" */;
			buildPhases = (
				280AFDF12C00AEFE0007AA03 /* Sources */,
				280AFDF22C00AEFE0007AA03 /* Frameworks */,
				280AFDF32C00AEFE0007AA03 /* Resources */,
			);
			buildRules = (
			);
			dependencies = (
				280AFDF72C00AEFE0007AA03 /* PBXTargetDependency */,
			);
			name = "ios-aptos-exampleTests";
			productName = "ios-aptos-exampleTests";
			productReference = 280AFDF52C00AEFE0007AA03 /* ios-aptos-exampleTests.xctest */;
			productType = "com.apple.product-type.bundle.unit-test";
		};
		280AFDFE2C00AEFE0007AA03 /* ios-aptos-exampleUITests */ = {
			isa = PBXNativeTarget;
			buildConfigurationList = 280AFE0F2C00AEFE0007AA03 /* Build configuration list for PBXNativeTarget "ios-aptos-exampleUITests" */;
			buildPhases = (
				280AFDFB2C00AEFE0007AA03 /* Sources */,
				280AFDFC2C00AEFE0007AA03 /* Frameworks */,
				280AFDFD2C00AEFE0007AA03 /* Resources */,
			);
			buildRules = (
			);
			dependencies = (
				280AFE012C00AEFE0007AA03 /* PBXTargetDependency */,
			);
			name = "ios-aptos-exampleUITests";
			productName = "ios-aptos-exampleUITests";
			productReference = 280AFDFF2C00AEFE0007AA03 /* ios-aptos-exampleUITests.xctest */;
			productType = "com.apple.product-type.bundle.ui-testing";
		};
/* End PBXNativeTarget section */

/* Begin PBXProject section */
		280AFDDD2C00AEFC0007AA03 /* Project object */ = {
			isa = PBXProject;
			attributes = {
				BuildIndependentTargetsInParallel = 1;
				LastSwiftUpdateCheck = 1540;
				LastUpgradeCheck = 1540;
				TargetAttributes = {
					280AFDE42C00AEFC0007AA03 = {
						CreatedOnToolsVersion = 15.4;
					};
					280AFDF42C00AEFE0007AA03 = {
						CreatedOnToolsVersion = 15.4;
						TestTargetID = 280AFDE42C00AEFC0007AA03;
					};
					280AFDFE2C00AEFE0007AA03 = {
						CreatedOnToolsVersion = 15.4;
						TestTargetID = 280AFDE42C00AEFC0007AA03;
					};
				};
			};
			buildConfigurationList = 280AFDE02C00AEFC0007AA03 /* Build configuration list for PBXProject "ios-aptos-example" */;
			compatibilityVersion = "Xcode 14.0";
			developmentRegion = en;
			hasScannedForEncodings = 0;
			knownRegions = (
				en,
				Base,
			);
			mainGroup = 280AFDDC2C00AEFC0007AA03;
			packageReferences = (
				280AFE122C00AF2C0007AA03 /* XCRemoteSwiftPackageReference "web3auth-swift-sdk" */,
				A4DCEE6F2C8B36670048A663 /* XCRemoteSwiftPackageReference "aptos-swift-sdk" */,
			);
			productRefGroup = 280AFDE62C00AEFC0007AA03 /* Products */;
			projectDirPath = "";
			projectRoot = "";
			targets = (
				280AFDE42C00AEFC0007AA03 /* ios-aptos-example */,
				280AFDF42C00AEFE0007AA03 /* ios-aptos-exampleTests */,
				280AFDFE2C00AEFE0007AA03 /* ios-aptos-exampleUITests */,
			);
		};
/* End PBXProject section */

/* Begin PBXResourcesBuildPhase section */
		280AFDE32C00AEFC0007AA03 /* Resources */ = {
			isa = PBXResourcesBuildPhase;
			buildActionMask = 2147483647;
			files = (
				280AFDF02C00AEFD0007AA03 /* Preview Assets.xcassets in Resources */,
				280AFDED2C00AEFD0007AA03 /* Assets.xcassets in Resources */,
			);
			runOnlyForDeploymentPostprocessing = 0;
		};
		280AFDF32C00AEFE0007AA03 /* Resources */ = {
			isa = PBXResourcesBuildPhase;
			buildActionMask = 2147483647;
			files = (
			);
			runOnlyForDeploymentPostprocessing = 0;
		};
		280AFDFD2C00AEFE0007AA03 /* Resources */ = {
			isa = PBXResourcesBuildPhase;
			buildActionMask = 2147483647;
			files = (
			);
			runOnlyForDeploymentPostprocessing = 0;
		};
/* End PBXResourcesBuildPhase section */

/* Begin PBXSourcesBuildPhase section */
		280AFDE12C00AEFC0007AA03 /* Sources */ = {
			isa = PBXSourcesBuildPhase;
			buildActionMask = 2147483647;
			files = (
				280AFDEB2C00AEFC0007AA03 /* ContentView.swift in Sources */,
				280AFDE92C00AEFC0007AA03 /* ios_aptos_exampleApp.swift in Sources */,
				280AFE172C00B00B0007AA03 /* Web3AuthHelper.swift in Sources */,
				280AFE1F2C00B35E0007AA03 /* HomeView.swift in Sources */,
				280AFE232C00B47C0007AA03 /* AptosHelper.swift in Sources */,
				280AFE1D2C00B3530007AA03 /* LoginView.swift in Sources */,
				280AFE1A2C00B08C0007AA03 /* MainViewModel.swift in Sources */,
				280AFE282C019E810007AA03 /* Extension.swift in Sources */,
			);
			runOnlyForDeploymentPostprocessing = 0;
		};
		280AFDF12C00AEFE0007AA03 /* Sources */ = {
			isa = PBXSourcesBuildPhase;
			buildActionMask = 2147483647;
			files = (
				280AFDFA2C00AEFE0007AA03 /* ios_aptos_exampleTests.swift in Sources */,
			);
			runOnlyForDeploymentPostprocessing = 0;
		};
		280AFDFB2C00AEFE0007AA03 /* Sources */ = {
			isa = PBXSourcesBuildPhase;
			buildActionMask = 2147483647;
			files = (
				280AFE042C00AEFE0007AA03 /* ios_aptos_exampleUITests.swift in Sources */,
				280AFE062C00AEFE0007AA03 /* ios_aptos_exampleUITestsLaunchTests.swift in Sources */,
			);
			runOnlyForDeploymentPostprocessing = 0;
		};
/* End PBXSourcesBuildPhase section */

/* Begin PBXTargetDependency section */
		280AFDF72C00AEFE0007AA03 /* PBXTargetDependency */ = {
			isa = PBXTargetDependency;
			target = 280AFDE42C00AEFC0007AA03 /* ios-aptos-example */;
			targetProxy = 280AFDF62C00AEFE0007AA03 /* PBXContainerItemProxy */;
		};
		280AFE012C00AEFE0007AA03 /* PBXTargetDependency */ = {
			isa = PBXTargetDependency;
			target = 280AFDE42C00AEFC0007AA03 /* ios-aptos-example */;
			targetProxy = 280AFE002C00AEFE0007AA03 /* PBXContainerItemProxy */;
		};
/* End PBXTargetDependency section */

/* Begin XCBuildConfiguration section */
		280AFE072C00AEFE0007AA03 /* Debug */ = {
			isa = XCBuildConfiguration;
			buildSettings = {
				ALWAYS_SEARCH_USER_PATHS = NO;
				ASSETCATALOG_COMPILER_GENERATE_SWIFT_ASSET_SYMBOL_EXTENSIONS = YES;
				CLANG_ANALYZER_NONNULL = YES;
				CLANG_ANALYZER_NUMBER_OBJECT_CONVERSION = YES_AGGRESSIVE;
				CLANG_CXX_LANGUAGE_STANDARD = "gnu++20";
				CLANG_ENABLE_MODULES = YES;
				CLANG_ENABLE_OBJC_ARC = YES;
				CLANG_ENABLE_OBJC_WEAK = YES;
				CLANG_WARN_BLOCK_CAPTURE_AUTORELEASING = YES;
				CLANG_WARN_BOOL_CONVERSION = YES;
				CLANG_WARN_COMMA = YES;
				CLANG_WARN_CONSTANT_CONVERSION = YES;
				CLANG_WARN_DEPRECATED_OBJC_IMPLEMENTATIONS = YES;
				CLANG_WARN_DIRECT_OBJC_ISA_USAGE = YES_ERROR;
				CLANG_WARN_DOCUMENTATION_COMMENTS = YES;
				CLANG_WARN_EMPTY_BODY = YES;
				CLANG_WARN_ENUM_CONVERSION = YES;
				CLANG_WARN_INFINITE_RECURSION = YES;
				CLANG_WARN_INT_CONVERSION = YES;
				CLANG_WARN_NON_LITERAL_NULL_CONVERSION = YES;
				CLANG_WARN_OBJC_IMPLICIT_RETAIN_SELF = YES;
				CLANG_WARN_OBJC_LITERAL_CONVERSION = YES;
				CLANG_WARN_OBJC_ROOT_CLASS = YES_ERROR;
				CLANG_WARN_QUOTED_INCLUDE_IN_FRAMEWORK_HEADER = YES;
				CLANG_WARN_RANGE_LOOP_ANALYSIS = YES;
				CLANG_WARN_STRICT_PROTOTYPES = YES;
				CLANG_WARN_SUSPICIOUS_MOVE = YES;
				CLANG_WARN_UNGUARDED_AVAILABILITY = YES_AGGRESSIVE;
				CLANG_WARN_UNREACHABLE_CODE = YES;
				CLANG_WARN__DUPLICATE_METHOD_MATCH = YES;
				COPY_PHASE_STRIP = NO;
				DEBUG_INFORMATION_FORMAT = dwarf;
				ENABLE_STRICT_OBJC_MSGSEND = YES;
				ENABLE_TESTABILITY = YES;
				ENABLE_USER_SCRIPT_SANDBOXING = YES;
				GCC_C_LANGUAGE_STANDARD = gnu17;
				GCC_DYNAMIC_NO_PIC = NO;
				GCC_NO_COMMON_BLOCKS = YES;
				GCC_OPTIMIZATION_LEVEL = 0;
				GCC_PREPROCESSOR_DEFINITIONS = (
					"DEBUG=1",
					"$(inherited)",
				);
				GCC_WARN_64_TO_32_BIT_CONVERSION = YES;
				GCC_WARN_ABOUT_RETURN_TYPE = YES_ERROR;
				GCC_WARN_UNDECLARED_SELECTOR = YES;
				GCC_WARN_UNINITIALIZED_AUTOS = YES_AGGRESSIVE;
				GCC_WARN_UNUSED_FUNCTION = YES;
				GCC_WARN_UNUSED_VARIABLE = YES;
				IPHONEOS_DEPLOYMENT_TARGET = 16.0;
				LOCALIZATION_PREFERS_STRING_CATALOGS = YES;
				MTL_ENABLE_DEBUG_INFO = INCLUDE_SOURCE;
				MTL_FAST_MATH = YES;
				ONLY_ACTIVE_ARCH = YES;
				SDKROOT = iphoneos;
				SWIFT_ACTIVE_COMPILATION_CONDITIONS = "DEBUG $(inherited)";
				SWIFT_OPTIMIZATION_LEVEL = "-Onone";
			};
			name = Debug;
		};
		280AFE082C00AEFE0007AA03 /* Release */ = {
			isa = XCBuildConfiguration;
			buildSettings = {
				ALWAYS_SEARCH_USER_PATHS = NO;
				ASSETCATALOG_COMPILER_GENERATE_SWIFT_ASSET_SYMBOL_EXTENSIONS = YES;
				CLANG_ANALYZER_NONNULL = YES;
				CLANG_ANALYZER_NUMBER_OBJECT_CONVERSION = YES_AGGRESSIVE;
				CLANG_CXX_LANGUAGE_STANDARD = "gnu++20";
				CLANG_ENABLE_MODULES = YES;
				CLANG_ENABLE_OBJC_ARC = YES;
				CLANG_ENABLE_OBJC_WEAK = YES;
				CLANG_WARN_BLOCK_CAPTURE_AUTORELEASING = YES;
				CLANG_WARN_BOOL_CONVERSION = YES;
				CLANG_WARN_COMMA = YES;
				CLANG_WARN_CONSTANT_CONVERSION = YES;
				CLANG_WARN_DEPRECATED_OBJC_IMPLEMENTATIONS = YES;
				CLANG_WARN_DIRECT_OBJC_ISA_USAGE = YES_ERROR;
				CLANG_WARN_DOCUMENTATION_COMMENTS = YES;
				CLANG_WARN_EMPTY_BODY = YES;
				CLANG_WARN_ENUM_CONVERSION = YES;
				CLANG_WARN_INFINITE_RECURSION = YES;
				CLANG_WARN_INT_CONVERSION = YES;
				CLANG_WARN_NON_LITERAL_NULL_CONVERSION = YES;
				CLANG_WARN_OBJC_IMPLICIT_RETAIN_SELF = YES;
				CLANG_WARN_OBJC_LITERAL_CONVERSION = YES;
				CLANG_WARN_OBJC_ROOT_CLASS = YES_ERROR;
				CLANG_WARN_QUOTED_INCLUDE_IN_FRAMEWORK_HEADER = YES;
				CLANG_WARN_RANGE_LOOP_ANALYSIS = YES;
				CLANG_WARN_STRICT_PROTOTYPES = YES;
				CLANG_WARN_SUSPICIOUS_MOVE = YES;
				CLANG_WARN_UNGUARDED_AVAILABILITY = YES_AGGRESSIVE;
				CLANG_WARN_UNREACHABLE_CODE = YES;
				CLANG_WARN__DUPLICATE_METHOD_MATCH = YES;
				COPY_PHASE_STRIP = NO;
				DEBUG_INFORMATION_FORMAT = "dwarf-with-dsym";
				ENABLE_NS_ASSERTIONS = NO;
				ENABLE_STRICT_OBJC_MSGSEND = YES;
				ENABLE_USER_SCRIPT_SANDBOXING = YES;
				GCC_C_LANGUAGE_STANDARD = gnu17;
				GCC_NO_COMMON_BLOCKS = YES;
				GCC_WARN_64_TO_32_BIT_CONVERSION = YES;
				GCC_WARN_ABOUT_RETURN_TYPE = YES_ERROR;
				GCC_WARN_UNDECLARED_SELECTOR = YES;
				GCC_WARN_UNINITIALIZED_AUTOS = YES_AGGRESSIVE;
				GCC_WARN_UNUSED_FUNCTION = YES;
				GCC_WARN_UNUSED_VARIABLE = YES;
				IPHONEOS_DEPLOYMENT_TARGET = 16.0;
				LOCALIZATION_PREFERS_STRING_CATALOGS = YES;
				MTL_ENABLE_DEBUG_INFO = NO;
				MTL_FAST_MATH = YES;
				SDKROOT = iphoneos;
				SWIFT_COMPILATION_MODE = wholemodule;
				VALIDATE_PRODUCT = YES;
			};
			name = Release;
		};
		280AFE0A2C00AEFE0007AA03 /* Debug */ = {
			isa = XCBuildConfiguration;
			buildSettings = {
				ASSETCATALOG_COMPILER_APPICON_NAME = AppIcon;
				ASSETCATALOG_COMPILER_GLOBAL_ACCENT_COLOR_NAME = AccentColor;
				CODE_SIGN_STYLE = Automatic;
				CURRENT_PROJECT_VERSION = 1;
				DEVELOPMENT_ASSET_PATHS = "\"ios-aptos-example/Preview Content\"";
				DEVELOPMENT_TEAM = HYCGKU63WD;
				ENABLE_PREVIEWS = YES;
				GENERATE_INFOPLIST_FILE = YES;
				INFOPLIST_KEY_UIApplicationSceneManifest_Generation = YES;
				INFOPLIST_KEY_UIApplicationSupportsIndirectInputEvents = YES;
				INFOPLIST_KEY_UILaunchScreen_Generation = YES;
				INFOPLIST_KEY_UISupportedInterfaceOrientations_iPad = "UIInterfaceOrientationPortrait UIInterfaceOrientationPortraitUpsideDown UIInterfaceOrientationLandscapeLeft UIInterfaceOrientationLandscapeRight";
				INFOPLIST_KEY_UISupportedInterfaceOrientations_iPhone = "UIInterfaceOrientationPortrait UIInterfaceOrientationLandscapeLeft UIInterfaceOrientationLandscapeRight";
				LD_RUNPATH_SEARCH_PATHS = (
					"$(inherited)",
					"@executable_path/Frameworks",
				);
				MARKETING_VERSION = 1.0;
				PRODUCT_BUNDLE_IDENTIFIER = "com.w3a.ios-aptos-example";
				PRODUCT_NAME = "$(TARGET_NAME)";
				SWIFT_EMIT_LOC_STRINGS = YES;
				SWIFT_VERSION = 5.0;
				TARGETED_DEVICE_FAMILY = "1,2";
			};
			name = Debug;
		};
		280AFE0B2C00AEFE0007AA03 /* Release */ = {
			isa = XCBuildConfiguration;
			buildSettings = {
				ASSETCATALOG_COMPILER_APPICON_NAME = AppIcon;
				ASSETCATALOG_COMPILER_GLOBAL_ACCENT_COLOR_NAME = AccentColor;
				CODE_SIGN_STYLE = Automatic;
				CURRENT_PROJECT_VERSION = 1;
				DEVELOPMENT_ASSET_PATHS = "\"ios-aptos-example/Preview Content\"";
				DEVELOPMENT_TEAM = HYCGKU63WD;
				ENABLE_PREVIEWS = YES;
				GENERATE_INFOPLIST_FILE = YES;
				INFOPLIST_KEY_UIApplicationSceneManifest_Generation = YES;
				INFOPLIST_KEY_UIApplicationSupportsIndirectInputEvents = YES;
				INFOPLIST_KEY_UILaunchScreen_Generation = YES;
				INFOPLIST_KEY_UISupportedInterfaceOrientations_iPad = "UIInterfaceOrientationPortrait UIInterfaceOrientationPortraitUpsideDown UIInterfaceOrientationLandscapeLeft UIInterfaceOrientationLandscapeRight";
				INFOPLIST_KEY_UISupportedInterfaceOrientations_iPhone = "UIInterfaceOrientationPortrait UIInterfaceOrientationLandscapeLeft UIInterfaceOrientationLandscapeRight";
				LD_RUNPATH_SEARCH_PATHS = (
					"$(inherited)",
					"@executable_path/Frameworks",
				);
				MARKETING_VERSION = 1.0;
				PRODUCT_BUNDLE_IDENTIFIER = "com.w3a.ios-aptos-example";
				PRODUCT_NAME = "$(TARGET_NAME)";
				SWIFT_EMIT_LOC_STRINGS = YES;
				SWIFT_VERSION = 5.0;
				TARGETED_DEVICE_FAMILY = "1,2";
			};
			name = Release;
		};
		280AFE0D2C00AEFE0007AA03 /* Debug */ = {
			isa = XCBuildConfiguration;
			buildSettings = {
				ALWAYS_EMBED_SWIFT_STANDARD_LIBRARIES = YES;
				BUNDLE_LOADER = "$(TEST_HOST)";
				CODE_SIGN_STYLE = Automatic;
				CURRENT_PROJECT_VERSION = 1;
				DEVELOPMENT_TEAM = HYCGKU63WD;
				GENERATE_INFOPLIST_FILE = YES;
				IPHONEOS_DEPLOYMENT_TARGET = 17.5;
				MARKETING_VERSION = 1.0;
				PRODUCT_BUNDLE_IDENTIFIER = "com.w3a.ios-aptos-exampleTests";
				PRODUCT_NAME = "$(TARGET_NAME)";
				SWIFT_EMIT_LOC_STRINGS = NO;
				SWIFT_VERSION = 5.0;
				TARGETED_DEVICE_FAMILY = "1,2";
				TEST_HOST = "$(BUILT_PRODUCTS_DIR)/ios-aptos-example.app/$(BUNDLE_EXECUTABLE_FOLDER_PATH)/ios-aptos-example";
			};
			name = Debug;
		};
		280AFE0E2C00AEFE0007AA03 /* Release */ = {
			isa = XCBuildConfiguration;
			buildSettings = {
				ALWAYS_EMBED_SWIFT_STANDARD_LIBRARIES = YES;
				BUNDLE_LOADER = "$(TEST_HOST)";
				CODE_SIGN_STYLE = Automatic;
				CURRENT_PROJECT_VERSION = 1;
				DEVELOPMENT_TEAM = HYCGKU63WD;
				GENERATE_INFOPLIST_FILE = YES;
				IPHONEOS_DEPLOYMENT_TARGET = 17.5;
				MARKETING_VERSION = 1.0;
				PRODUCT_BUNDLE_IDENTIFIER = "com.w3a.ios-aptos-exampleTests";
				PRODUCT_NAME = "$(TARGET_NAME)";
				SWIFT_EMIT_LOC_STRINGS = NO;
				SWIFT_VERSION = 5.0;
				TARGETED_DEVICE_FAMILY = "1,2";
				TEST_HOST = "$(BUILT_PRODUCTS_DIR)/ios-aptos-example.app/$(BUNDLE_EXECUTABLE_FOLDER_PATH)/ios-aptos-example";
			};
			name = Release;
		};
		280AFE102C00AEFE0007AA03 /* Debug */ = {
			isa = XCBuildConfiguration;
			buildSettings = {
				ALWAYS_EMBED_SWIFT_STANDARD_LIBRARIES = YES;
				CODE_SIGN_STYLE = Automatic;
				CURRENT_PROJECT_VERSION = 1;
				DEVELOPMENT_TEAM = HYCGKU63WD;
				GENERATE_INFOPLIST_FILE = YES;
				MARKETING_VERSION = 1.0;
				PRODUCT_BUNDLE_IDENTIFIER = "com.w3a.ios-aptos-exampleUITests";
				PRODUCT_NAME = "$(TARGET_NAME)";
				SWIFT_EMIT_LOC_STRINGS = NO;
				SWIFT_VERSION = 5.0;
				TARGETED_DEVICE_FAMILY = "1,2";
				TEST_TARGET_NAME = "ios-aptos-example";
			};
			name = Debug;
		};
		280AFE112C00AEFE0007AA03 /* Release */ = {
			isa = XCBuildConfiguration;
			buildSettings = {
				ALWAYS_EMBED_SWIFT_STANDARD_LIBRARIES = YES;
				CODE_SIGN_STYLE = Automatic;
				CURRENT_PROJECT_VERSION = 1;
				DEVELOPMENT_TEAM = HYCGKU63WD;
				GENERATE_INFOPLIST_FILE = YES;
				MARKETING_VERSION = 1.0;
				PRODUCT_BUNDLE_IDENTIFIER = "com.w3a.ios-aptos-exampleUITests";
				PRODUCT_NAME = "$(TARGET_NAME)";
				SWIFT_EMIT_LOC_STRINGS = NO;
				SWIFT_VERSION = 5.0;
				TARGETED_DEVICE_FAMILY = "1,2";
				TEST_TARGET_NAME = "ios-aptos-example";
			};
			name = Release;
		};
/* End XCBuildConfiguration section */

/* Begin XCConfigurationList section */
		280AFDE02C00AEFC0007AA03 /* Build configuration list for PBXProject "ios-aptos-example" */ = {
			isa = XCConfigurationList;
			buildConfigurations = (
				280AFE072C00AEFE0007AA03 /* Debug */,
				280AFE082C00AEFE0007AA03 /* Release */,
			);
			defaultConfigurationIsVisible = 0;
			defaultConfigurationName = Release;
		};
		280AFE092C00AEFE0007AA03 /* Build configuration list for PBXNativeTarget "ios-aptos-example" */ = {
			isa = XCConfigurationList;
			buildConfigurations = (
				280AFE0A2C00AEFE0007AA03 /* Debug */,
				280AFE0B2C00AEFE0007AA03 /* Release */,
			);
			defaultConfigurationIsVisible = 0;
			defaultConfigurationName = Release;
		};
		280AFE0C2C00AEFE0007AA03 /* Build configuration list for PBXNativeTarget "ios-aptos-exampleTests" */ = {
			isa = XCConfigurationList;
			buildConfigurations = (
				280AFE0D2C00AEFE0007AA03 /* Debug */,
				280AFE0E2C00AEFE0007AA03 /* Release */,
			);
			defaultConfigurationIsVisible = 0;
			defaultConfigurationName = Release;
		};
		280AFE0F2C00AEFE0007AA03 /* Build configuration list for PBXNativeTarget "ios-aptos-exampleUITests" */ = {
			isa = XCConfigurationList;
			buildConfigurations = (
				280AFE102C00AEFE0007AA03 /* Debug */,
				280AFE112C00AEFE0007AA03 /* Release */,
			);
			defaultConfigurationIsVisible = 0;
			defaultConfigurationName = Release;
		};
/* End XCConfigurationList section */

/* Begin XCRemoteSwiftPackageReference section */
		280AFE122C00AF2C0007AA03 /* XCRemoteSwiftPackageReference "web3auth-swift-sdk" */ = {
			isa = XCRemoteSwiftPackageReference;
			repositoryURL = "https://github.com/Web3Auth/web3auth-swift-sdk/";
			requirement = {
				branch = fix_resolve_invalid_session;
				kind = branch;
			};
		};
		A4DCEE6F2C8B36670048A663 /* XCRemoteSwiftPackageReference "aptos-swift-sdk" */ = {
			isa = XCRemoteSwiftPackageReference;
			repositoryURL = "https://github.com/ALCOVE-LAB/aptos-swift-sdk.git";
			requirement = {
				branch = main;
				kind = branch;
			};
		};
/* End XCRemoteSwiftPackageReference section */

/* Begin XCSwiftPackageProductDependency section */
		280AFE132C00AF2C0007AA03 /* Web3Auth */ = {
			isa = XCSwiftPackageProductDependency;
			package = 280AFE122C00AF2C0007AA03 /* XCRemoteSwiftPackageReference "web3auth-swift-sdk" */;
			productName = Web3Auth;
		};
		A4DCEE702C8B36670048A663 /* Aptos */ = {
			isa = XCSwiftPackageProductDependency;
			package = A4DCEE6F2C8B36670048A663 /* XCRemoteSwiftPackageReference "aptos-swift-sdk" */;
			productName = Aptos;
		};
		A4DCEE722C8B36670048A663 /* BIP32 */ = {
			isa = XCSwiftPackageProductDependency;
			package = A4DCEE6F2C8B36670048A663 /* XCRemoteSwiftPackageReference "aptos-swift-sdk" */;
			productName = BIP32;
		};
/* End XCSwiftPackageProductDependency section */
	};
	rootObject = 280AFDDD2C00AEFC0007AA03 /* Project object */;
}
