PODS:
  - BigInt (5.2.0)
  - curvelib.swift (2.0.0)
  - Flutter (1.0.0)
  - KeychainSwift (20.0.0)
  - shared_preferences_foundation (0.0.1):
    - Flutter
    - FlutterMacOS
  - TorusSessionManager (6.0.1):
    - curvelib.swift (~> 2.0.0)
    - KeychainSwift (~> 20.0.0)
  - Web3Auth (11.0.0):
    - BigInt (~> 5.2.0)
    - curvelib.swift (~> 2.0.0)
    - KeychainSwift (~> 20.0.0)
    - TorusSessionManager (~> 6.0.1)
  - web3auth_flutter (2.0.1):
    - Flutter
    - Web3Auth (~> 11.0.0)

DEPENDENCIES:
  - Flutter (from `Flutter`)
  - shared_preferences_foundation (from `.symlinks/plugins/shared_preferences_foundation/darwin`)
  - web3auth_flutter (from `.symlinks/plugins/web3auth_flutter/ios`)

SPEC REPOS:
  trunk:
    - BigInt
    - curvelib.swift
    - KeychainSwift
    - TorusSessionManager
    - Web3Auth

EXTERNAL SOURCES:
  Flutter:
    :path: Flutter
  shared_preferences_foundation:
    :path: ".symlinks/plugins/shared_preferences_foundation/darwin"
  web3auth_flutter:
    :path: ".symlinks/plugins/web3auth_flutter/ios"

SPEC CHECKSUMS:
  BigInt: f668a80089607f521586bbe29513d708491ef2f7
  curvelib.swift: b9223e5cac801effed8a5fe8968e952b3fe427a5
  Flutter: e0871f40cf51350855a761d2e70bf5af5b9b5de7
  KeychainSwift: 0ce6a4d13f7228054d1a71bb1b500448fb2ab837
  shared_preferences_foundation: fcdcbc04712aee1108ac7fda236f363274528f78
  TorusSessionManager: 9c9871718233dc020ab4fde9bdf37802f01dae10
  Web3Auth: 407db5f308ac801d6e110e53c482a28977c49516
  web3auth_flutter: f5d75a5b84c082601b617ff018f616d230083a6d

PODFILE CHECKSUM: 775997f741c536251164e3eacf6e34abf2eb7a17

COCOAPODS: 1.15.2
