PODS:
  - BigInt (5.0.0)
  - CryptoSwift (1.8.1)
  - Flutter (1.0.0)
  - GenericJSON (2.0.2)
  - KeychainSwift (20.0.0)
  - Logging (1.0.0)
  - secp256k1.swift (0.1.4)
  - shared_preferences_foundation (0.0.1):
    - Flutter
    - FlutterMacOS
  - TorusSessionManager (3.0.1):
    - CryptoSwift (~> 1.8.0)
    - KeychainSwift (~> 20.0.0)
    - web3.swift (~> 1.6.0)
  - web3.swift (1.6.0):
    - BigInt (~> 5.0.0)
    - GenericJSON (~> 2.0)
    - Logging (~> 1.0.0)
    - secp256k1.swift (~> 0.1)
  - Web3Auth (7.4.1):
    - CryptoSwift (~> 1.8.0)
    - KeychainSwift (~> 20.0.0)
    - TorusSessionManager (~> 3.0.1)
    - web3.swift (~> 1.6.0)
  - web3auth_flutter (2.0.1):
    - Flutter
    - Web3Auth (~> 7.4.1)

DEPENDENCIES:
  - Flutter (from `Flutter`)
  - shared_preferences_foundation (from `.symlinks/plugins/shared_preferences_foundation/darwin`)
  - web3auth_flutter (from `.symlinks/plugins/web3auth_flutter/ios`)

SPEC REPOS:
  trunk:
    - BigInt
    - CryptoSwift
    - GenericJSON
    - KeychainSwift
    - Logging
    - secp256k1.swift
    - TorusSessionManager
    - web3.swift
    - Web3Auth

EXTERNAL SOURCES:
  Flutter:
    :path: Flutter
  shared_preferences_foundation:
    :path: ".symlinks/plugins/shared_preferences_foundation/darwin"
  web3auth_flutter:
    :path: ".symlinks/plugins/web3auth_flutter/ios"

SPEC CHECKSUMS:
  BigInt: 74b4d88367b0e819d9f77393549226d36faeb0d8
  CryptoSwift: b9c701d6f5011df23794dbf7f2e480a77835d83d
  Flutter: e0871f40cf51350855a761d2e70bf5af5b9b5de7
  GenericJSON: 79a840eeb77030962e8cf02a62d36bd413b67626
  KeychainSwift: 0ce6a4d13f7228054d1a71bb1b500448fb2ab837
  Logging: 9ef4ecb546ad3169398d5a723bc9bea1c46bef26
  secp256k1.swift: a7e7a214f6db6ce5db32cc6b2b45e5c4dd633634
  shared_preferences_foundation: b4c3b4cddf1c21f02770737f147a3f5da9d39695
  TorusSessionManager: 829495789427b7ad7e29f2b535092a44f3900b42
  web3.swift: 2263d1e12e121b2c42ffb63a5a7beb1acaf33959
  Web3Auth: faf43a674c0db748dd4ff7fbe29a355d8736a186
  web3auth_flutter: 208348cb4e01e0c0191adf740188c3b63f5fe20b

PODFILE CHECKSUM: 775997f741c536251164e3eacf6e34abf2eb7a17

COCOAPODS: 1.14.3
