{
  "pins" : [
    {
      "identity" : "bigint",
      "kind" : "remoteSourceControl",
      "location" : "https://github.com/attaswift/BigInt",
      "state" : {
        "revision" : "0ed110f7555c34ff468e72e1686e59721f2b0da6",
        "version" : "5.3.0"
      }
    },
    {
      "identity" : "cryptoswift",
      "kind" : "remoteSourceControl",
      "location" : "https://github.com/krzyzanowskim/CryptoSwift.git",
      "state" : {
        "revision" : "19b3c3ceed117c5cc883517c4e658548315ba70b",
        "version" : "1.6.0"
      }
    },
    {
      "identity" : "generic-json-swift",
      "kind" : "remoteSourceControl",
      "location" : "https://github.com/zoul/generic-json-swift",
      "state" : {
        "revision" : "0a06575f4038b504e78ac330913d920f1630f510",
        "version" : "2.0.2"
      }
    },
    {
      "identity" : "keychain-swift",
      "kind" : "remoteSourceControl",
      "location" : "https://github.com/evgenyneu/keychain-swift.git",
      "state" : {
        "revision" : "d108a1fa6189e661f91560548ef48651ed8d93b9",
        "version" : "20.0.0"
      }
    },
    {
      "identity" : "secp256k1.swift",
      "kind" : "remoteSourceControl",
      "location" : "https://github.com/Boilertalk/secp256k1.swift",
      "state" : {
        "revision" : "cd187c632fb812fd93711a9f7e644adb7e5f97f0",
        "version" : "0.1.7"
      }
    },
    {
      "identity" : "web3.swift",
      "kind" : "remoteSourceControl",
      "location" : "https://github.com/argentlabs/web3.swift",
      "state" : {
        "revision" : "0474eb5e883bc4800b3909833207a1d35e72b808",
        "version" : "0.9.3"
      }
    },
    {
      "identity" : "web3auth-swift-sdk",
      "kind" : "remoteSourceControl",
      "location" : "https://github.com/web3auth/web3auth-swift-sdk",
      "state" : {
        "branch" : "master",
        "revision" : "715ede508b53556e159c982a3f36bde9d672b4db"
      }
    }
  ],
  "version" : 2
}
