// !$*UTF8*$!
{
	archiveVersion = 1;
	classes = {
	};
	objectVersion = 56;
	objects = {

/* Begin PBXBuildFile section */
		2833BEEB2BD6384800243B09 /* Web3Auth in Frameworks */ = {isa = PBXBuildFile; productRef = 2833BEEA2BD6384800243B09 /* Web3Auth */; };
		285651362B8A555900796F67 /* ios_solana_exampleApp.swift in Sources */ = {isa = PBXBuildFile; fileRef = 285651352B8A555900796F67 /* ios_solana_exampleApp.swift */; };
		285651382B8A555900796F67 /* ContentView.swift in Sources */ = {isa = PBXBuildFile; fileRef = 285651372B8A555900796F67 /* ContentView.swift */; };
		2856513A2B8A555A00796F67 /* Assets.xcassets in Resources */ = {isa = PBXBuildFile; fileRef = 285651392B8A555A00796F67 /* Assets.xcassets */; };
		2856513D2B8A555A00796F67 /* Preview Assets.xcassets in Resources */ = {isa = PBXBuildFile; fileRef = 2856513C2B8A555A00796F67 /* Preview Assets.xcassets */; };
		285651472B8A555A00796F67 /* ios_solana_exampleTests.swift in Sources */ = {isa = PBXBuildFile; fileRef = 285651462B8A555A00796F67 /* ios_solana_exampleTests.swift */; };
		285651512B8A555A00796F67 /* ios_solana_exampleUITests.swift in Sources */ = {isa = PBXBuildFile; fileRef = 285651502B8A555A00796F67 /* ios_solana_exampleUITests.swift */; };
		285651532B8A555A00796F67 /* ios_solana_exampleUITestsLaunchTests.swift in Sources */ = {isa = PBXBuildFile; fileRef = 285651522B8A555A00796F67 /* ios_solana_exampleUITestsLaunchTests.swift */; };
		28C341892CB4017F00360382 /* SolanaSwift in Frameworks */ = {isa = PBXBuildFile; productRef = 28C341882CB4017F00360382 /* SolanaSwift */; };
		28DFB2C42B8C3EFA005DDCB6 /* Web3AuthHelper.swift in Sources */ = {isa = PBXBuildFile; fileRef = 28DFB2C32B8C3EFA005DDCB6 /* Web3AuthHelper.swift */; };
		28DFB2C62B8C4D7A005DDCB6 /* ViewModel.swift in Sources */ = {isa = PBXBuildFile; fileRef = 28DFB2C52B8C4D7A005DDCB6 /* ViewModel.swift */; };
		28DFB2C82B8C4F53005DDCB6 /* LoginView.swift in Sources */ = {isa = PBXBuildFile; fileRef = 28DFB2C72B8C4F53005DDCB6 /* LoginView.swift */; };
		28DFB2CA2B8C4F5F005DDCB6 /* HomeView.swift in Sources */ = {isa = PBXBuildFile; fileRef = 28DFB2C92B8C4F5F005DDCB6 /* HomeView.swift */; };
		28DFB2CC2B8C54FA005DDCB6 /* SolanaViewModel.swift in Sources */ = {isa = PBXBuildFile; fileRef = 28DFB2CB2B8C54FA005DDCB6 /* SolanaViewModel.swift */; };
/* End PBXBuildFile section */

/* Begin PBXContainerItemProxy section */
		285651432B8A555A00796F67 /* PBXContainerItemProxy */ = {
			isa = PBXContainerItemProxy;
			containerPortal = 2856512A2B8A555900796F67 /* Project object */;
			proxyType = 1;
			remoteGlobalIDString = 285651312B8A555900796F67;
			remoteInfo = "ios-solana-example";
		};
		2856514D2B8A555A00796F67 /* PBXContainerItemProxy */ = {
			isa = PBXContainerItemProxy;
			containerPortal = 2856512A2B8A555900796F67 /* Project object */;
			proxyType = 1;
			remoteGlobalIDString = 285651312B8A555900796F67;
			remoteInfo = "ios-solana-example";
		};
/* End PBXContainerItemProxy section */

/* Begin PBXFileReference section */
		285651322B8A555900796F67 /* ios-solana-example.app */ = {isa = PBXFileReference; explicitFileType = wrapper.application; includeInIndex = 0; path = "ios-solana-example.app"; sourceTree = BUILT_PRODUCTS_DIR; };
		285651352B8A555900796F67 /* ios_solana_exampleApp.swift */ = {isa = PBXFileReference; lastKnownFileType = sourcecode.swift; path = ios_solana_exampleApp.swift; sourceTree = "<group>"; };
		285651372B8A555900796F67 /* ContentView.swift */ = {isa = PBXFileReference; lastKnownFileType = sourcecode.swift; path = ContentView.swift; sourceTree = "<group>"; };
		285651392B8A555A00796F67 /* Assets.xcassets */ = {isa = PBXFileReference; lastKnownFileType = folder.assetcatalog; path = Assets.xcassets; sourceTree = "<group>"; };
		2856513C2B8A555A00796F67 /* Preview Assets.xcassets */ = {isa = PBXFileReference; lastKnownFileType = folder.assetcatalog; path = "Preview Assets.xcassets"; sourceTree = "<group>"; };
		285651422B8A555A00796F67 /* ios-solana-exampleTests.xctest */ = {isa = PBXFileReference; explicitFileType = wrapper.cfbundle; includeInIndex = 0; path = "ios-solana-exampleTests.xctest"; sourceTree = BUILT_PRODUCTS_DIR; };
		285651462B8A555A00796F67 /* ios_solana_exampleTests.swift */ = {isa = PBXFileReference; lastKnownFileType = sourcecode.swift; path = ios_solana_exampleTests.swift; sourceTree = "<group>"; };
		2856514C2B8A555A00796F67 /* ios-solana-exampleUITests.xctest */ = {isa = PBXFileReference; explicitFileType = wrapper.cfbundle; includeInIndex = 0; path = "ios-solana-exampleUITests.xctest"; sourceTree = BUILT_PRODUCTS_DIR; };
		285651502B8A555A00796F67 /* ios_solana_exampleUITests.swift */ = {isa = PBXFileReference; lastKnownFileType = sourcecode.swift; path = ios_solana_exampleUITests.swift; sourceTree = "<group>"; };
		285651522B8A555A00796F67 /* ios_solana_exampleUITestsLaunchTests.swift */ = {isa = PBXFileReference; lastKnownFileType = sourcecode.swift; path = ios_solana_exampleUITestsLaunchTests.swift; sourceTree = "<group>"; };
		28DFB2C32B8C3EFA005DDCB6 /* Web3AuthHelper.swift */ = {isa = PBXFileReference; lastKnownFileType = sourcecode.swift; path = Web3AuthHelper.swift; sourceTree = "<group>"; };
		28DFB2C52B8C4D7A005DDCB6 /* ViewModel.swift */ = {isa = PBXFileReference; lastKnownFileType = sourcecode.swift; path = ViewModel.swift; sourceTree = "<group>"; };
		28DFB2C72B8C4F53005DDCB6 /* LoginView.swift */ = {isa = PBXFileReference; lastKnownFileType = sourcecode.swift; path = LoginView.swift; sourceTree = "<group>"; };
		28DFB2C92B8C4F5F005DDCB6 /* HomeView.swift */ = {isa = PBXFileReference; lastKnownFileType = sourcecode.swift; path = HomeView.swift; sourceTree = "<group>"; };
		28DFB2CB2B8C54FA005DDCB6 /* SolanaViewModel.swift */ = {isa = PBXFileReference; lastKnownFileType = sourcecode.swift; path = SolanaViewModel.swift; sourceTree = "<group>"; };
/* End PBXFileReference section */

/* Begin PBXFrameworksBuildPhase section */
		2856512F2B8A555900796F67 /* Frameworks */ = {
			isa = PBXFrameworksBuildPhase;
			buildActionMask = 2147483647;
			files = (
				28C341892CB4017F00360382 /* SolanaSwift in Frameworks */,
				2833BEEB2BD6384800243B09 /* Web3Auth in Frameworks */,
			);
			runOnlyForDeploymentPostprocessing = 0;
		};
		2856513F2B8A555A00796F67 /* Frameworks */ = {
			isa = PBXFrameworksBuildPhase;
			buildActionMask = 2147483647;
			files = (
			);
			runOnlyForDeploymentPostprocessing = 0;
		};
		285651492B8A555A00796F67 /* Frameworks */ = {
			isa = PBXFrameworksBuildPhase;
			buildActionMask = 2147483647;
			files = (
			);
			runOnlyForDeploymentPostprocessing = 0;
		};
/* End PBXFrameworksBuildPhase section */

/* Begin PBXGroup section */
		285651292B8A555900796F67 = {
			isa = PBXGroup;
			children = (
				285651342B8A555900796F67 /* ios-solana-example */,
				285651452B8A555A00796F67 /* ios-solana-exampleTests */,
				2856514F2B8A555A00796F67 /* ios-solana-exampleUITests */,
				285651332B8A555900796F67 /* Products */,
			);
			sourceTree = "<group>";
		};
		285651332B8A555900796F67 /* Products */ = {
			isa = PBXGroup;
			children = (
				285651322B8A555900796F67 /* ios-solana-example.app */,
				285651422B8A555A00796F67 /* ios-solana-exampleTests.xctest */,
				2856514C2B8A555A00796F67 /* ios-solana-exampleUITests.xctest */,
			);
			name = Products;
			sourceTree = "<group>";
		};
		285651342B8A555900796F67 /* ios-solana-example */ = {
			isa = PBXGroup;
			children = (
				28DFB2C22B8C3EE3005DDCB6 /* Helpers */,
				28DFB2C12B8C3E7F005DDCB6 /* ViewModels */,
				28DFB2C02B8C3E70005DDCB6 /* Views */,
				285651352B8A555900796F67 /* ios_solana_exampleApp.swift */,
				285651392B8A555A00796F67 /* Assets.xcassets */,
				2856513B2B8A555A00796F67 /* Preview Content */,
			);
			path = "ios-solana-example";
			sourceTree = "<group>";
		};
		2856513B2B8A555A00796F67 /* Preview Content */ = {
			isa = PBXGroup;
			children = (
				2856513C2B8A555A00796F67 /* Preview Assets.xcassets */,
			);
			path = "Preview Content";
			sourceTree = "<group>";
		};
		285651452B8A555A00796F67 /* ios-solana-exampleTests */ = {
			isa = PBXGroup;
			children = (
				285651462B8A555A00796F67 /* ios_solana_exampleTests.swift */,
			);
			path = "ios-solana-exampleTests";
			sourceTree = "<group>";
		};
		2856514F2B8A555A00796F67 /* ios-solana-exampleUITests */ = {
			isa = PBXGroup;
			children = (
				285651502B8A555A00796F67 /* ios_solana_exampleUITests.swift */,
				285651522B8A555A00796F67 /* ios_solana_exampleUITestsLaunchTests.swift */,
			);
			path = "ios-solana-exampleUITests";
			sourceTree = "<group>";
		};
		28DFB2C02B8C3E70005DDCB6 /* Views */ = {
			isa = PBXGroup;
			children = (
				285651372B8A555900796F67 /* ContentView.swift */,
				28DFB2C72B8C4F53005DDCB6 /* LoginView.swift */,
				28DFB2C92B8C4F5F005DDCB6 /* HomeView.swift */,
			);
			path = Views;
			sourceTree = "<group>";
		};
		28DFB2C12B8C3E7F005DDCB6 /* ViewModels */ = {
			isa = PBXGroup;
			children = (
				28DFB2C52B8C4D7A005DDCB6 /* ViewModel.swift */,
				28DFB2CB2B8C54FA005DDCB6 /* SolanaViewModel.swift */,
			);
			path = ViewModels;
			sourceTree = "<group>";
		};
		28DFB2C22B8C3EE3005DDCB6 /* Helpers */ = {
			isa = PBXGroup;
			children = (
				28DFB2C32B8C3EFA005DDCB6 /* Web3AuthHelper.swift */,
			);
			path = Helpers;
			sourceTree = "<group>";
		};
/* End PBXGroup section */

/* Begin PBXNativeTarget section */
		285651312B8A555900796F67 /* ios-solana-example */ = {
			isa = PBXNativeTarget;
			buildConfigurationList = 285651562B8A555A00796F67 /* Build configuration list for PBXNativeTarget "ios-solana-example" */;
			buildPhases = (
				2856512E2B8A555900796F67 /* Sources */,
				2856512F2B8A555900796F67 /* Frameworks */,
				285651302B8A555900796F67 /* Resources */,
			);
			buildRules = (
			);
			dependencies = (
			);
			name = "ios-solana-example";
			packageProductDependencies = (
				2833BEEA2BD6384800243B09 /* Web3Auth */,
				28C341882CB4017F00360382 /* SolanaSwift */,
			);
			productName = "ios-solana-example";
			productReference = 285651322B8A555900796F67 /* ios-solana-example.app */;
			productType = "com.apple.product-type.application";
		};
		285651412B8A555A00796F67 /* ios-solana-exampleTests */ = {
			isa = PBXNativeTarget;
			buildConfigurationList = 285651592B8A555A00796F67 /* Build configuration list for PBXNativeTarget "ios-solana-exampleTests" */;
			buildPhases = (
				2856513E2B8A555A00796F67 /* Sources */,
				2856513F2B8A555A00796F67 /* Frameworks */,
				285651402B8A555A00796F67 /* Resources */,
			);
			buildRules = (
			);
			dependencies = (
				285651442B8A555A00796F67 /* PBXTargetDependency */,
			);
			name = "ios-solana-exampleTests";
			productName = "ios-solana-exampleTests";
			productReference = 285651422B8A555A00796F67 /* ios-solana-exampleTests.xctest */;
			productType = "com.apple.product-type.bundle.unit-test";
		};
		2856514B2B8A555A00796F67 /* ios-solana-exampleUITests */ = {
			isa = PBXNativeTarget;
			buildConfigurationList = 2856515C2B8A555A00796F67 /* Build configuration list for PBXNativeTarget "ios-solana-exampleUITests" */;
			buildPhases = (
				285651482B8A555A00796F67 /* Sources */,
				285651492B8A555A00796F67 /* Frameworks */,
				2856514A2B8A555A00796F67 /* Resources */,
			);
			buildRules = (
			);
			dependencies = (
				2856514E2B8A555A00796F67 /* PBXTargetDependency */,
			);
			name = "ios-solana-exampleUITests";
			productName = "ios-solana-exampleUITests";
			productReference = 2856514C2B8A555A00796F67 /* ios-solana-exampleUITests.xctest */;
			productType = "com.apple.product-type.bundle.ui-testing";
		};
/* End PBXNativeTarget section */

/* Begin PBXProject section */
		2856512A2B8A555900796F67 /* Project object */ = {
			isa = PBXProject;
			attributes = {
				BuildIndependentTargetsInParallel = 1;
				LastSwiftUpdateCheck = 1500;
				LastUpgradeCheck = 1500;
				TargetAttributes = {
					285651312B8A555900796F67 = {
						CreatedOnToolsVersion = 15.0.1;
					};
					285651412B8A555A00796F67 = {
						CreatedOnToolsVersion = 15.0.1;
						TestTargetID = 285651312B8A555900796F67;
					};
					2856514B2B8A555A00796F67 = {
						CreatedOnToolsVersion = 15.0.1;
						TestTargetID = 285651312B8A555900796F67;
					};
				};
			};
			buildConfigurationList = 2856512D2B8A555900796F67 /* Build configuration list for PBXProject "ios-solana-example" */;
			compatibilityVersion = "Xcode 14.0";
			developmentRegion = en;
			hasScannedForEncodings = 0;
			knownRegions = (
				en,
				Base,
			);
			mainGroup = 285651292B8A555900796F67;
			packageReferences = (
				2833BEE92BD6384800243B09 /* XCRemoteSwiftPackageReference "web3auth-swift-sdk" */,
				28C341872CB4017F00360382 /* XCRemoteSwiftPackageReference "solana-swift" */,
			);
			productRefGroup = 285651332B8A555900796F67 /* Products */;
			projectDirPath = "";
			projectRoot = "";
			targets = (
				285651312B8A555900796F67 /* ios-solana-example */,
				285651412B8A555A00796F67 /* ios-solana-exampleTests */,
				2856514B2B8A555A00796F67 /* ios-solana-exampleUITests */,
			);
		};
/* End PBXProject section */

/* Begin PBXResourcesBuildPhase section */
		285651302B8A555900796F67 /* Resources */ = {
			isa = PBXResourcesBuildPhase;
			buildActionMask = 2147483647;
			files = (
				2856513D2B8A555A00796F67 /* Preview Assets.xcassets in Resources */,
				2856513A2B8A555A00796F67 /* Assets.xcassets in Resources */,
			);
			runOnlyForDeploymentPostprocessing = 0;
		};
		285651402B8A555A00796F67 /* Resources */ = {
			isa = PBXResourcesBuildPhase;
			buildActionMask = 2147483647;
			files = (
			);
			runOnlyForDeploymentPostprocessing = 0;
		};
		2856514A2B8A555A00796F67 /* Resources */ = {
			isa = PBXResourcesBuildPhase;
			buildActionMask = 2147483647;
			files = (
			);
			runOnlyForDeploymentPostprocessing = 0;
		};
/* End PBXResourcesBuildPhase section */

/* Begin PBXSourcesBuildPhase section */
		2856512E2B8A555900796F67 /* Sources */ = {
			isa = PBXSourcesBuildPhase;
			buildActionMask = 2147483647;
			files = (
				285651382B8A555900796F67 /* ContentView.swift in Sources */,
				285651362B8A555900796F67 /* ios_solana_exampleApp.swift in Sources */,
				28DFB2C62B8C4D7A005DDCB6 /* ViewModel.swift in Sources */,
				28DFB2CA2B8C4F5F005DDCB6 /* HomeView.swift in Sources */,
				28DFB2C82B8C4F53005DDCB6 /* LoginView.swift in Sources */,
				28DFB2CC2B8C54FA005DDCB6 /* SolanaViewModel.swift in Sources */,
				28DFB2C42B8C3EFA005DDCB6 /* Web3AuthHelper.swift in Sources */,
			);
			runOnlyForDeploymentPostprocessing = 0;
		};
		2856513E2B8A555A00796F67 /* Sources */ = {
			isa = PBXSourcesBuildPhase;
			buildActionMask = 2147483647;
			files = (
				285651472B8A555A00796F67 /* ios_solana_exampleTests.swift in Sources */,
			);
			runOnlyForDeploymentPostprocessing = 0;
		};
		285651482B8A555A00796F67 /* Sources */ = {
			isa = PBXSourcesBuildPhase;
			buildActionMask = 2147483647;
			files = (
				285651512B8A555A00796F67 /* ios_solana_exampleUITests.swift in Sources */,
				285651532B8A555A00796F67 /* ios_solana_exampleUITestsLaunchTests.swift in Sources */,
			);
			runOnlyForDeploymentPostprocessing = 0;
		};
/* End PBXSourcesBuildPhase section */

/* Begin PBXTargetDependency section */
		285651442B8A555A00796F67 /* PBXTargetDependency */ = {
			isa = PBXTargetDependency;
			target = 285651312B8A555900796F67 /* ios-solana-example */;
			targetProxy = 285651432B8A555A00796F67 /* PBXContainerItemProxy */;
		};
		2856514E2B8A555A00796F67 /* PBXTargetDependency */ = {
			isa = PBXTargetDependency;
			target = 285651312B8A555900796F67 /* ios-solana-example */;
			targetProxy = 2856514D2B8A555A00796F67 /* PBXContainerItemProxy */;
		};
/* End PBXTargetDependency section */

/* Begin XCBuildConfiguration section */
		285651542B8A555A00796F67 /* Debug */ = {
			isa = XCBuildConfiguration;
			buildSettings = {
				ALWAYS_SEARCH_USER_PATHS = NO;
				ASSETCATALOG_COMPILER_GENERATE_SWIFT_ASSET_SYMBOL_EXTENSIONS = YES;
				CLANG_ANALYZER_NONNULL = YES;
				CLANG_ANALYZER_NUMBER_OBJECT_CONVERSION = YES_AGGRESSIVE;
				CLANG_CXX_LANGUAGE_STANDARD = "gnu++20";
				CLANG_ENABLE_MODULES = YES;
				CLANG_ENABLE_OBJC_ARC = YES;
				CLANG_ENABLE_OBJC_WEAK = YES;
				CLANG_WARN_BLOCK_CAPTURE_AUTORELEASING = YES;
				CLANG_WARN_BOOL_CONVERSION = YES;
				CLANG_WARN_COMMA = YES;
				CLANG_WARN_CONSTANT_CONVERSION = YES;
				CLANG_WARN_DEPRECATED_OBJC_IMPLEMENTATIONS = YES;
				CLANG_WARN_DIRECT_OBJC_ISA_USAGE = YES_ERROR;
				CLANG_WARN_DOCUMENTATION_COMMENTS = YES;
				CLANG_WARN_EMPTY_BODY = YES;
				CLANG_WARN_ENUM_CONVERSION = YES;
				CLANG_WARN_INFINITE_RECURSION = YES;
				CLANG_WARN_INT_CONVERSION = YES;
				CLANG_WARN_NON_LITERAL_NULL_CONVERSION = YES;
				CLANG_WARN_OBJC_IMPLICIT_RETAIN_SELF = YES;
				CLANG_WARN_OBJC_LITERAL_CONVERSION = YES;
				CLANG_WARN_OBJC_ROOT_CLASS = YES_ERROR;
				CLANG_WARN_QUOTED_INCLUDE_IN_FRAMEWORK_HEADER = YES;
				CLANG_WARN_RANGE_LOOP_ANALYSIS = YES;
				CLANG_WARN_STRICT_PROTOTYPES = YES;
				CLANG_WARN_SUSPICIOUS_MOVE = YES;
				CLANG_WARN_UNGUARDED_AVAILABILITY = YES_AGGRESSIVE;
				CLANG_WARN_UNREACHABLE_CODE = YES;
				CLANG_WARN__DUPLICATE_METHOD_MATCH = YES;
				COPY_PHASE_STRIP = NO;
				DEBUG_INFORMATION_FORMAT = dwarf;
				ENABLE_STRICT_OBJC_MSGSEND = YES;
				ENABLE_TESTABILITY = YES;
				ENABLE_USER_SCRIPT_SANDBOXING = YES;
				GCC_C_LANGUAGE_STANDARD = gnu17;
				GCC_DYNAMIC_NO_PIC = NO;
				GCC_NO_COMMON_BLOCKS = YES;
				GCC_OPTIMIZATION_LEVEL = 0;
				GCC_PREPROCESSOR_DEFINITIONS = (
					"DEBUG=1",
					"$(inherited)",
				);
				GCC_WARN_64_TO_32_BIT_CONVERSION = YES;
				GCC_WARN_ABOUT_RETURN_TYPE = YES_ERROR;
				GCC_WARN_UNDECLARED_SELECTOR = YES;
				GCC_WARN_UNINITIALIZED_AUTOS = YES_AGGRESSIVE;
				GCC_WARN_UNUSED_FUNCTION = YES;
				GCC_WARN_UNUSED_VARIABLE = YES;
				IPHONEOS_DEPLOYMENT_TARGET = 17.0;
				LOCALIZATION_PREFERS_STRING_CATALOGS = YES;
				MTL_ENABLE_DEBUG_INFO = INCLUDE_SOURCE;
				MTL_FAST_MATH = YES;
				ONLY_ACTIVE_ARCH = YES;
				SDKROOT = iphoneos;
				SWIFT_ACTIVE_COMPILATION_CONDITIONS = "DEBUG $(inherited)";
				SWIFT_OPTIMIZATION_LEVEL = "-Onone";
			};
			name = Debug;
		};
		285651552B8A555A00796F67 /* Release */ = {
			isa = XCBuildConfiguration;
			buildSettings = {
				ALWAYS_SEARCH_USER_PATHS = NO;
				ASSETCATALOG_COMPILER_GENERATE_SWIFT_ASSET_SYMBOL_EXTENSIONS = YES;
				CLANG_ANALYZER_NONNULL = YES;
				CLANG_ANALYZER_NUMBER_OBJECT_CONVERSION = YES_AGGRESSIVE;
				CLANG_CXX_LANGUAGE_STANDARD = "gnu++20";
				CLANG_ENABLE_MODULES = YES;
				CLANG_ENABLE_OBJC_ARC = YES;
				CLANG_ENABLE_OBJC_WEAK = YES;
				CLANG_WARN_BLOCK_CAPTURE_AUTORELEASING = YES;
				CLANG_WARN_BOOL_CONVERSION = YES;
				CLANG_WARN_COMMA = YES;
				CLANG_WARN_CONSTANT_CONVERSION = YES;
				CLANG_WARN_DEPRECATED_OBJC_IMPLEMENTATIONS = YES;
				CLANG_WARN_DIRECT_OBJC_ISA_USAGE = YES_ERROR;
				CLANG_WARN_DOCUMENTATION_COMMENTS = YES;
				CLANG_WARN_EMPTY_BODY = YES;
				CLANG_WARN_ENUM_CONVERSION = YES;
				CLANG_WARN_INFINITE_RECURSION = YES;
				CLANG_WARN_INT_CONVERSION = YES;
				CLANG_WARN_NON_LITERAL_NULL_CONVERSION = YES;
				CLANG_WARN_OBJC_IMPLICIT_RETAIN_SELF = YES;
				CLANG_WARN_OBJC_LITERAL_CONVERSION = YES;
				CLANG_WARN_OBJC_ROOT_CLASS = YES_ERROR;
				CLANG_WARN_QUOTED_INCLUDE_IN_FRAMEWORK_HEADER = YES;
				CLANG_WARN_RANGE_LOOP_ANALYSIS = YES;
				CLANG_WARN_STRICT_PROTOTYPES = YES;
				CLANG_WARN_SUSPICIOUS_MOVE = YES;
				CLANG_WARN_UNGUARDED_AVAILABILITY = YES_AGGRESSIVE;
				CLANG_WARN_UNREACHABLE_CODE = YES;
				CLANG_WARN__DUPLICATE_METHOD_MATCH = YES;
				COPY_PHASE_STRIP = NO;
				DEBUG_INFORMATION_FORMAT = "dwarf-with-dsym";
				ENABLE_NS_ASSERTIONS = NO;
				ENABLE_STRICT_OBJC_MSGSEND = YES;
				ENABLE_USER_SCRIPT_SANDBOXING = YES;
				GCC_C_LANGUAGE_STANDARD = gnu17;
				GCC_NO_COMMON_BLOCKS = YES;
				GCC_WARN_64_TO_32_BIT_CONVERSION = YES;
				GCC_WARN_ABOUT_RETURN_TYPE = YES_ERROR;
				GCC_WARN_UNDECLARED_SELECTOR = YES;
				GCC_WARN_UNINITIALIZED_AUTOS = YES_AGGRESSIVE;
				GCC_WARN_UNUSED_FUNCTION = YES;
				GCC_WARN_UNUSED_VARIABLE = YES;
				IPHONEOS_DEPLOYMENT_TARGET = 17.0;
				LOCALIZATION_PREFERS_STRING_CATALOGS = YES;
				MTL_ENABLE_DEBUG_INFO = NO;
				MTL_FAST_MATH = YES;
				SDKROOT = iphoneos;
				SWIFT_COMPILATION_MODE = wholemodule;
				VALIDATE_PRODUCT = YES;
			};
			name = Release;
		};
		285651572B8A555A00796F67 /* Debug */ = {
			isa = XCBuildConfiguration;
			buildSettings = {
				ASSETCATALOG_COMPILER_APPICON_NAME = AppIcon;
				ASSETCATALOG_COMPILER_GLOBAL_ACCENT_COLOR_NAME = AccentColor;
				CODE_SIGN_STYLE = Automatic;
				CURRENT_PROJECT_VERSION = 1;
				DEVELOPMENT_ASSET_PATHS = "\"ios-solana-example/Preview Content\"";
				DEVELOPMENT_TEAM = HYCGKU63WD;
				ENABLE_PREVIEWS = YES;
				GENERATE_INFOPLIST_FILE = YES;
				INFOPLIST_KEY_UIApplicationSceneManifest_Generation = YES;
				INFOPLIST_KEY_UIApplicationSupportsIndirectInputEvents = YES;
				INFOPLIST_KEY_UILaunchScreen_Generation = YES;
				INFOPLIST_KEY_UISupportedInterfaceOrientations_iPad = "UIInterfaceOrientationPortrait UIInterfaceOrientationPortraitUpsideDown UIInterfaceOrientationLandscapeLeft UIInterfaceOrientationLandscapeRight";
				INFOPLIST_KEY_UISupportedInterfaceOrientations_iPhone = "UIInterfaceOrientationPortrait UIInterfaceOrientationLandscapeLeft UIInterfaceOrientationLandscapeRight";
				LD_RUNPATH_SEARCH_PATHS = (
					"$(inherited)",
					"@executable_path/Frameworks",
				);
				MARKETING_VERSION = 1.0;
				PRODUCT_BUNDLE_IDENTIFIER = "com.w3a.ios-solana-example";
				PRODUCT_NAME = "$(TARGET_NAME)";
				SWIFT_EMIT_LOC_STRINGS = YES;
				SWIFT_VERSION = 5.0;
				TARGETED_DEVICE_FAMILY = "1,2";
			};
			name = Debug;
		};
		285651582B8A555A00796F67 /* Release */ = {
			isa = XCBuildConfiguration;
			buildSettings = {
				ASSETCATALOG_COMPILER_APPICON_NAME = AppIcon;
				ASSETCATALOG_COMPILER_GLOBAL_ACCENT_COLOR_NAME = AccentColor;
				CODE_SIGN_STYLE = Automatic;
				CURRENT_PROJECT_VERSION = 1;
				DEVELOPMENT_ASSET_PATHS = "\"ios-solana-example/Preview Content\"";
				DEVELOPMENT_TEAM = HYCGKU63WD;
				ENABLE_PREVIEWS = YES;
				GENERATE_INFOPLIST_FILE = YES;
				INFOPLIST_KEY_UIApplicationSceneManifest_Generation = YES;
				INFOPLIST_KEY_UIApplicationSupportsIndirectInputEvents = YES;
				INFOPLIST_KEY_UILaunchScreen_Generation = YES;
				INFOPLIST_KEY_UISupportedInterfaceOrientations_iPad = "UIInterfaceOrientationPortrait UIInterfaceOrientationPortraitUpsideDown UIInterfaceOrientationLandscapeLeft UIInterfaceOrientationLandscapeRight";
				INFOPLIST_KEY_UISupportedInterfaceOrientations_iPhone = "UIInterfaceOrientationPortrait UIInterfaceOrientationLandscapeLeft UIInterfaceOrientationLandscapeRight";
				LD_RUNPATH_SEARCH_PATHS = (
					"$(inherited)",
					"@executable_path/Frameworks",
				);
				MARKETING_VERSION = 1.0;
				PRODUCT_BUNDLE_IDENTIFIER = "com.w3a.ios-solana-example";
				PRODUCT_NAME = "$(TARGET_NAME)";
				SWIFT_EMIT_LOC_STRINGS = YES;
				SWIFT_VERSION = 5.0;
				TARGETED_DEVICE_FAMILY = "1,2";
			};
			name = Release;
		};
		2856515A2B8A555A00796F67 /* Debug */ = {
			isa = XCBuildConfiguration;
			buildSettings = {
				ALWAYS_EMBED_SWIFT_STANDARD_LIBRARIES = YES;
				BUNDLE_LOADER = "$(TEST_HOST)";
				CODE_SIGN_STYLE = Automatic;
				CURRENT_PROJECT_VERSION = 1;
				DEVELOPMENT_TEAM = HYCGKU63WD;
				GENERATE_INFOPLIST_FILE = YES;
				IPHONEOS_DEPLOYMENT_TARGET = 17.0;
				MARKETING_VERSION = 1.0;
				PRODUCT_BUNDLE_IDENTIFIER = "com.w3a.ios-solana-exampleTests";
				PRODUCT_NAME = "$(TARGET_NAME)";
				SWIFT_EMIT_LOC_STRINGS = NO;
				SWIFT_VERSION = 5.0;
				TARGETED_DEVICE_FAMILY = "1,2";
				TEST_HOST = "$(BUILT_PRODUCTS_DIR)/ios-solana-example.app/$(BUNDLE_EXECUTABLE_FOLDER_PATH)/ios-solana-example";
			};
			name = Debug;
		};
		2856515B2B8A555A00796F67 /* Release */ = {
			isa = XCBuildConfiguration;
			buildSettings = {
				ALWAYS_EMBED_SWIFT_STANDARD_LIBRARIES = YES;
				BUNDLE_LOADER = "$(TEST_HOST)";
				CODE_SIGN_STYLE = Automatic;
				CURRENT_PROJECT_VERSION = 1;
				DEVELOPMENT_TEAM = HYCGKU63WD;
				GENERATE_INFOPLIST_FILE = YES;
				IPHONEOS_DEPLOYMENT_TARGET = 17.0;
				MARKETING_VERSION = 1.0;
				PRODUCT_BUNDLE_IDENTIFIER = "com.w3a.ios-solana-exampleTests";
				PRODUCT_NAME = "$(TARGET_NAME)";
				SWIFT_EMIT_LOC_STRINGS = NO;
				SWIFT_VERSION = 5.0;
				TARGETED_DEVICE_FAMILY = "1,2";
				TEST_HOST = "$(BUILT_PRODUCTS_DIR)/ios-solana-example.app/$(BUNDLE_EXECUTABLE_FOLDER_PATH)/ios-solana-example";
			};
			name = Release;
		};
		2856515D2B8A555A00796F67 /* Debug */ = {
			isa = XCBuildConfiguration;
			buildSettings = {
				ALWAYS_EMBED_SWIFT_STANDARD_LIBRARIES = YES;
				CODE_SIGN_STYLE = Automatic;
				CURRENT_PROJECT_VERSION = 1;
				DEVELOPMENT_TEAM = HYCGKU63WD;
				GENERATE_INFOPLIST_FILE = YES;
				MARKETING_VERSION = 1.0;
				PRODUCT_BUNDLE_IDENTIFIER = "com.w3a.ios-solana-exampleUITests";
				PRODUCT_NAME = "$(TARGET_NAME)";
				SWIFT_EMIT_LOC_STRINGS = NO;
				SWIFT_VERSION = 5.0;
				TARGETED_DEVICE_FAMILY = "1,2";
				TEST_TARGET_NAME = "ios-solana-example";
			};
			name = Debug;
		};
		2856515E2B8A555A00796F67 /* Release */ = {
			isa = XCBuildConfiguration;
			buildSettings = {
				ALWAYS_EMBED_SWIFT_STANDARD_LIBRARIES = YES;
				CODE_SIGN_STYLE = Automatic;
				CURRENT_PROJECT_VERSION = 1;
				DEVELOPMENT_TEAM = HYCGKU63WD;
				GENERATE_INFOPLIST_FILE = YES;
				MARKETING_VERSION = 1.0;
				PRODUCT_BUNDLE_IDENTIFIER = "com.w3a.ios-solana-exampleUITests";
				PRODUCT_NAME = "$(TARGET_NAME)";
				SWIFT_EMIT_LOC_STRINGS = NO;
				SWIFT_VERSION = 5.0;
				TARGETED_DEVICE_FAMILY = "1,2";
				TEST_TARGET_NAME = "ios-solana-example";
			};
			name = Release;
		};
/* End XCBuildConfiguration section */

/* Begin XCConfigurationList section */
		2856512D2B8A555900796F67 /* Build configuration list for PBXProject "ios-solana-example" */ = {
			isa = XCConfigurationList;
			buildConfigurations = (
				285651542B8A555A00796F67 /* Debug */,
				285651552B8A555A00796F67 /* Release */,
			);
			defaultConfigurationIsVisible = 0;
			defaultConfigurationName = Release;
		};
		285651562B8A555A00796F67 /* Build configuration list for PBXNativeTarget "ios-solana-example" */ = {
			isa = XCConfigurationList;
			buildConfigurations = (
				285651572B8A555A00796F67 /* Debug */,
				285651582B8A555A00796F67 /* Release */,
			);
			defaultConfigurationIsVisible = 0;
			defaultConfigurationName = Release;
		};
		285651592B8A555A00796F67 /* Build configuration list for PBXNativeTarget "ios-solana-exampleTests" */ = {
			isa = XCConfigurationList;
			buildConfigurations = (
				2856515A2B8A555A00796F67 /* Debug */,
				2856515B2B8A555A00796F67 /* Release */,
			);
			defaultConfigurationIsVisible = 0;
			defaultConfigurationName = Release;
		};
		2856515C2B8A555A00796F67 /* Build configuration list for PBXNativeTarget "ios-solana-exampleUITests" */ = {
			isa = XCConfigurationList;
			buildConfigurations = (
				2856515D2B8A555A00796F67 /* Debug */,
				2856515E2B8A555A00796F67 /* Release */,
			);
			defaultConfigurationIsVisible = 0;
			defaultConfigurationName = Release;
		};
/* End XCConfigurationList section */

/* Begin XCRemoteSwiftPackageReference section */
		2833BEE92BD6384800243B09 /* XCRemoteSwiftPackageReference "web3auth-swift-sdk" */ = {
			isa = XCRemoteSwiftPackageReference;
			repositoryURL = "https://github.com/Web3Auth/web3auth-swift-sdk/";
			requirement = {
				kind = upToNextMajorVersion;
				minimumVersion = 11.1.0;
			};
		};
		28C341872CB4017F00360382 /* XCRemoteSwiftPackageReference "solana-swift" */ = {
			isa = XCRemoteSwiftPackageReference;
			repositoryURL = "https://github.com/p2p-org/solana-swift.git";
			requirement = {
				kind = upToNextMajorVersion;
				minimumVersion = 5.0.0;
			};
		};
/* End XCRemoteSwiftPackageReference section */

/* Begin XCSwiftPackageProductDependency section */
		2833BEEA2BD6384800243B09 /* Web3Auth */ = {
			isa = XCSwiftPackageProductDependency;
			package = 2833BEE92BD6384800243B09 /* XCRemoteSwiftPackageReference "web3auth-swift-sdk" */;
			productName = Web3Auth;
		};
		28C341882CB4017F00360382 /* SolanaSwift */ = {
			isa = XCSwiftPackageProductDependency;
			package = 28C341872CB4017F00360382 /* XCRemoteSwiftPackageReference "solana-swift" */;
			productName = SolanaSwift;
		};
/* End XCSwiftPackageProductDependency section */
	};
	rootObject = 2856512A2B8A555900796F67 /* Project object */;
}
